// !$*UTF8*$!
{
	archiveVersion = 1;
	classes = {
	};
	objectVersion = 56;
	objects = {

/* Begin PBXBuildFile section */
		D4528CA32A8F9E5900437233 /* AppDelegate.swift in Sources */ = {isa = PBXBuildFile; fileRef = D4528CA22A8F9E5900437233 /* AppDelegate.swift */; };
		D4528CA52A8F9E5900437233 /* SceneDelegate.swift in Sources */ = {isa = PBXBuildFile; fileRef = D4528CA42A8F9E5900437233 /* SceneDelegate.swift */; };
		D4528CA72A8F9E5900437233 /* ViewController.swift in Sources */ = {isa = PBXBuildFile; fileRef = D4528CA62A8F9E5900437233 /* ViewController.swift */; };
		D4528CAA2A8F9E5900437233 /* Main.storyboard in Resources */ = {isa = PBXBuildFile; fileRef = D4528CA82A8F9E5900437233 /* Main.storyboard */; };
		D4528CAC2A8F9E5A00437233 /* Assets.xcassets in Resources */ = {isa = PBXBuildFile; fileRef = D4528CAB2A8F9E5A00437233 /* Assets.xcassets */; };
		D4528CAF2A8F9E5A00437233 /* LaunchScreen.storyboard in Resources */ = {isa = PBXBuildFile; fileRef = D4528CAD2A8F9E5A00437233 /* LaunchScreen.storyboard */; };
		D4528CBA2A8F9E5A00437233 /* XylophoneTests.swift in Sources */ = {isa = PBXBuildFile; fileRef = D4528CB92A8F9E5A00437233 /* XylophoneTests.swift */; };
		D4528CC42A8F9E5A00437233 /* XylophoneUITests.swift in Sources */ = {isa = PBXBuildFile; fileRef = D4528CC32A8F9E5A00437233 /* XylophoneUITests.swift */; };
		D4528CC62A8F9E5A00437233 /* XylophoneUITestsLaunchTests.swift in Sources */ = {isa = PBXBuildFile; fileRef = D4528CC52A8F9E5A00437233 /* XylophoneUITestsLaunchTests.swift */; };
		D45F4C092A90FD70001374F5 /* A.wav in Resources */ = {isa = PBXBuildFile; fileRef = D45F4C022A90FD70001374F5 /* A.wav */; };
		D45F4C0A2A90FD70001374F5 /* C.wav in Resources */ = {isa = PBXBuildFile; fileRef = D45F4C032A90FD70001374F5 /* C.wav */; };
		D45F4C0B2A90FD70001374F5 /* B.wav in Resources */ = {isa = PBXBuildFile; fileRef = D45F4C042A90FD70001374F5 /* B.wav */; };
		D45F4C0C2A90FD70001374F5 /* F.wav in Resources */ = {isa = PBXBuildFile; fileRef = D45F4C052A90FD70001374F5 /* F.wav */; };
		D45F4C0D2A90FD70001374F5 /* G.wav in Resources */ = {isa = PBXBuildFile; fileRef = D45F4C062A90FD70001374F5 /* G.wav */; };
		D45F4C0E2A90FD70001374F5 /* E.wav in Resources */ = {isa = PBXBuildFile; fileRef = D45F4C072A90FD70001374F5 /* E.wav */; };
		D45F4C0F2A90FD70001374F5 /* D.wav in Resources */ = {isa = PBXBuildFile; fileRef = D45F4C082A90FD70001374F5 /* D.wav */; };
/* End PBXBuildFile section */

/* Begin PBXContainerItemProxy section */
		D4528CB62A8F9E5A00437233 /* PBXContainerItemProxy */ = {
			isa = PBXContainerItemProxy;
			containerPortal = D4528C972A8F9E5900437233 /* Project object */;
			proxyType = 1;
			remoteGlobalIDString = D4528C9E2A8F9E5900437233;
			remoteInfo = Xylophone;
		};
		D4528CC02A8F9E5A00437233 /* PBXContainerItemProxy */ = {
			isa = PBXContainerItemProxy;
			containerPortal = D4528C972A8F9E5900437233 /* Project object */;
			proxyType = 1;
			remoteGlobalIDString = D4528C9E2A8F9E5900437233;
			remoteInfo = Xylophone;
		};
/* End PBXContainerItemProxy section */

/* Begin PBXFileReference section */
		D4528C9F2A8F9E5900437233 /* Xylophone.app */ = {isa = PBXFileReference; explicitFileType = wrapper.application; includeInIndex = 0; path = Xylophone.app; sourceTree = BUILT_PRODUCTS_DIR; };
		D4528CA22A8F9E5900437233 /* AppDelegate.swift */ = {isa = PBXFileReference; lastKnownFileType = sourcecode.swift; path = AppDelegate.swift; sourceTree = "<group>"; };
		D4528CA42A8F9E5900437233 /* SceneDelegate.swift */ = {isa = PBXFileReference; lastKnownFileType = sourcecode.swift; path = SceneDelegate.swift; sourceTree = "<group>"; };
		D4528CA62A8F9E5900437233 /* ViewController.swift */ = {isa = PBXFileReference; lastKnownFileType = sourcecode.swift; path = ViewController.swift; sourceTree = "<group>"; };
		D4528CA92A8F9E5900437233 /* Base */ = {isa = PBXFileReference; lastKnownFileType = file.storyboard; name = Base; path = Base.lproj/Main.storyboard; sourceTree = "<group>"; };
		D4528CAB2A8F9E5A00437233 /* Assets.xcassets */ = {isa = PBXFileReference; lastKnownFileType = folder.assetcatalog; path = Assets.xcassets; sourceTree = "<group>"; };
		D4528CAE2A8F9E5A00437233 /* Base */ = {isa = PBXFileReference; lastKnownFileType = file.storyboard; name = Base; path = Base.lproj/LaunchScreen.storyboard; sourceTree = "<group>"; };
		D4528CB02A8F9E5A00437233 /* Info.plist */ = {isa = PBXFileReference; lastKnownFileType = text.plist.xml; path = Info.plist; sourceTree = "<group>"; };
		D4528CB52A8F9E5A00437233 /* XylophoneTests.xctest */ = {isa = PBXFileReference; explicitFileType = wrapper.cfbundle; includeInIndex = 0; path = XylophoneTests.xctest; sourceTree = BUILT_PRODUCTS_DIR; };
		D4528CB92A8F9E5A00437233 /* XylophoneTests.swift */ = {isa = PBXFileReference; lastKnownFileType = sourcecode.swift; path = XylophoneTests.swift; sourceTree = "<group>"; };
		D4528CBF2A8F9E5A00437233 /* XylophoneUITests.xctest */ = {isa = PBXFileReference; explicitFileType = wrapper.cfbundle; includeInIndex = 0; path = XylophoneUITests.xctest; sourceTree = BUILT_PRODUCTS_DIR; };
		D4528CC32A8F9E5A00437233 /* XylophoneUITests.swift */ = {isa = PBXFileReference; lastKnownFileType = sourcecode.swift; path = XylophoneUITests.swift; sourceTree = "<group>"; };
		D4528CC52A8F9E5A00437233 /* XylophoneUITestsLaunchTests.swift */ = {isa = PBXFileReference; lastKnownFileType = sourcecode.swift; path = XylophoneUITestsLaunchTests.swift; sourceTree = "<group>"; };
		D45F4C022A90FD70001374F5 /* A.wav */ = {isa = PBXFileReference; lastKnownFileType = audio.wav; path = A.wav; sourceTree = "<group>"; };
		D45F4C032A90FD70001374F5 /* C.wav */ = {isa = PBXFileReference; lastKnownFileType = audio.wav; path = C.wav; sourceTree = "<group>"; };
		D45F4C042A90FD70001374F5 /* B.wav */ = {isa = PBXFileReference; lastKnownFileType = audio.wav; path = B.wav; sourceTree = "<group>"; };
		D45F4C052A90FD70001374F5 /* F.wav */ = {isa = PBXFileReference; lastKnownFileType = audio.wav; path = F.wav; sourceTree = "<group>"; };
		D45F4C062A90FD70001374F5 /* G.wav */ = {isa = PBXFileReference; lastKnownFileType = audio.wav; path = G.wav; sourceTree = "<group>"; };
		D45F4C072A90FD70001374F5 /* E.wav */ = {isa = PBXFileReference; lastKnownFileType = audio.wav; path = E.wav; sourceTree = "<group>"; };
		D45F4C082A90FD70001374F5 /* D.wav */ = {isa = PBXFileReference; lastKnownFileType = audio.wav; path = D.wav; sourceTree = "<group>"; };
/* End PBXFileReference section */

/* Begin PBXFrameworksBuildPhase section */
		D4528C9C2A8F9E5900437233 /* Frameworks */ = {
			isa = PBXFrameworksBuildPhase;
			buildActionMask = 2147483647;
			files = (
			);
			runOnlyForDeploymentPostprocessing = 0;
		};
		D4528CB22A8F9E5A00437233 /* Frameworks */ = {
			isa = PBXFrameworksBuildPhase;
			buildActionMask = 2147483647;
			files = (
			);
			runOnlyForDeploymentPostprocessing = 0;
		};
		D4528CBC2A8F9E5A00437233 /* Frameworks */ = {
			isa = PBXFrameworksBuildPhase;
			buildActionMask = 2147483647;
			files = (
			);
			runOnlyForDeploymentPostprocessing = 0;
		};
/* End PBXFrameworksBuildPhase section */

/* Begin PBXGroup section */
		D4528C962A8F9E5900437233 = {
			isa = PBXGroup;
			children = (
				D4528CA12A8F9E5900437233 /* Xylophone */,
				D4528CB82A8F9E5A00437233 /* XylophoneTests */,
				D4528CC22A8F9E5A00437233 /* XylophoneUITests */,
				D4528CA02A8F9E5900437233 /* Products */,
			);
			sourceTree = "<group>";
		};
		D4528CA02A8F9E5900437233 /* Products */ = {
			isa = PBXGroup;
			children = (
				D4528C9F2A8F9E5900437233 /* Xylophone.app */,
				D4528CB52A8F9E5A00437233 /* XylophoneTests.xctest */,
				D4528CBF2A8F9E5A00437233 /* XylophoneUITests.xctest */,
			);
			name = Products;
			sourceTree = "<group>";
		};
		D4528CA12A8F9E5900437233 /* Xylophone */ = {
			isa = PBXGroup;
			children = (
				D45F4B792A90FD70001374F5 /* Sounds */,
				D4528CA22A8F9E5900437233 /* AppDelegate.swift */,
				D4528CA42A8F9E5900437233 /* SceneDelegate.swift */,
				D4528CA62A8F9E5900437233 /* ViewController.swift */,
				D4528CA82A8F9E5900437233 /* Main.storyboard */,
				D4528CAB2A8F9E5A00437233 /* Assets.xcassets */,
				D4528CAD2A8F9E5A00437233 /* LaunchScreen.storyboard */,
				D4528CB02A8F9E5A00437233 /* Info.plist */,
			);
			path = Xylophone;
			sourceTree = "<group>";
		};
		D4528CB82A8F9E5A00437233 /* XylophoneTests */ = {
			isa = PBXGroup;
			children = (
				D4528CB92A8F9E5A00437233 /* XylophoneTests.swift */,
			);
			path = XylophoneTests;
			sourceTree = "<group>";
		};
		D4528CC22A8F9E5A00437233 /* XylophoneUITests */ = {
			isa = PBXGroup;
			children = (
				D4528CC32A8F9E5A00437233 /* XylophoneUITests.swift */,
				D4528CC52A8F9E5A00437233 /* XylophoneUITestsLaunchTests.swift */,
			);
			path = XylophoneUITests;
			sourceTree = "<group>";
		};
		D45F4B792A90FD70001374F5 /* Sounds */ = {
			isa = PBXGroup;
			children = (
				D45F4B7A2A90FD70001374F5 /* Sounds */,
				D45F4C022A90FD70001374F5 /* A.wav */,
				D45F4C032A90FD70001374F5 /* C.wav */,
				D45F4C042A90FD70001374F5 /* B.wav */,
				D45F4C052A90FD70001374F5 /* F.wav */,
				D45F4C062A90FD70001374F5 /* G.wav */,
				D45F4C072A90FD70001374F5 /* E.wav */,
				D45F4C082A90FD70001374F5 /* D.wav */,
			);
			path = Sounds;
			sourceTree = "<group>";
		};
		D45F4B7A2A90FD70001374F5 /* Sounds */ = {
			isa = PBXGroup;
			children = (
				D45F4B7B2A90FD70001374F5 /* Sounds */,
			);
			path = Sounds;
			sourceTree = "<group>";
		};
		D45F4B7B2A90FD70001374F5 /* Sounds */ = {
			isa = PBXGroup;
			children = (
				D45F4B7C2A90FD70001374F5 /* Sounds */,
			);
			path = Sounds;
			sourceTree = "<group>";
		};
		D45F4B7C2A90FD70001374F5 /* Sounds */ = {
			isa = PBXGroup;
			children = (
				D45F4B7D2A90FD70001374F5 /* Sounds */,
			);
			path = Sounds;
			sourceTree = "<group>";
		};
		D45F4B7D2A90FD70001374F5 /* Sounds */ = {
			isa = PBXGroup;
			children = (
				D45F4B7E2A90FD70001374F5 /* Sounds */,
			);
			path = Sounds;
			sourceTree = "<group>";
		};
		D45F4B7E2A90FD70001374F5 /* Sounds */ = {
			isa = PBXGroup;
			children = (
				D45F4B7F2A90FD70001374F5 /* Sounds */,
			);
			path = Sounds;
			sourceTree = "<group>";
		};
		D45F4B7F2A90FD70001374F5 /* Sounds */ = {
			isa = PBXGroup;
			children = (
				D45F4B802A90FD70001374F5 /* Sounds */,
			);
			path = Sounds;
			sourceTree = "<group>";
		};
		D45F4B802A90FD70001374F5 /* Sounds */ = {
			isa = PBXGroup;
			children = (
				D45F4B812A90FD70001374F5 /* Sounds */,
			);
			path = Sounds;
			sourceTree = "<group>";
		};
		D45F4B812A90FD70001374F5 /* Sounds */ = {
			isa = PBXGroup;
			children = (
				D45F4B822A90FD70001374F5 /* Sounds */,
			);
			path = Sounds;
			sourceTree = "<group>";
		};
		D45F4B822A90FD70001374F5 /* Sounds */ = {
			isa = PBXGroup;
			children = (
				D45F4B832A90FD70001374F5 /* Sounds */,
			);
			path = Sounds;
			sourceTree = "<group>";
		};
		D45F4B832A90FD70001374F5 /* Sounds */ = {
			isa = PBXGroup;
			children = (
				D45F4B842A90FD70001374F5 /* Sounds */,
			);
			path = Sounds;
			sourceTree = "<group>";
		};
		D45F4B842A90FD70001374F5 /* Sounds */ = {
			isa = PBXGroup;
			children = (
				D45F4B852A90FD70001374F5 /* Sounds */,
			);
			path = Sounds;
			sourceTree = "<group>";
		};
		D45F4B852A90FD70001374F5 /* Sounds */ = {
			isa = PBXGroup;
			children = (
				D45F4B862A90FD70001374F5 /* Sounds */,
			);
			path = Sounds;
			sourceTree = "<group>";
		};
		D45F4B862A90FD70001374F5 /* Sounds */ = {
			isa = PBXGroup;
			children = (
				D45F4B872A90FD70001374F5 /* Sounds */,
			);
			path = Sounds;
			sourceTree = "<group>";
		};
		D45F4B872A90FD70001374F5 /* Sounds */ = {
			isa = PBXGroup;
			children = (
				D45F4B882A90FD70001374F5 /* Sounds */,
			);
			path = Sounds;
			sourceTree = "<group>";
		};
		D45F4B882A90FD70001374F5 /* Sounds */ = {
			isa = PBXGroup;
			children = (
				D45F4B892A90FD70001374F5 /* Sounds */,
			);
			path = Sounds;
			sourceTree = "<group>";
		};
		D45F4B892A90FD70001374F5 /* Sounds */ = {
			isa = PBXGroup;
			children = (
				D45F4B8A2A90FD70001374F5 /* Sounds */,
			);
			path = Sounds;
			sourceTree = "<group>";
		};
		D45F4B8A2A90FD70001374F5 /* Sounds */ = {
			isa = PBXGroup;
			children = (
				D45F4B8B2A90FD70001374F5 /* Sounds */,
			);
			path = Sounds;
			sourceTree = "<group>";
		};
		D45F4B8B2A90FD70001374F5 /* Sounds */ = {
			isa = PBXGroup;
			children = (
				D45F4B8C2A90FD70001374F5 /* Sounds */,
			);
			path = Sounds;
			sourceTree = "<group>";
		};
		D45F4B8C2A90FD70001374F5 /* Sounds */ = {
			isa = PBXGroup;
			children = (
				D45F4B8D2A90FD70001374F5 /* Sounds */,
			);
			path = Sounds;
			sourceTree = "<group>";
		};
		D45F4B8D2A90FD70001374F5 /* Sounds */ = {
			isa = PBXGroup;
			children = (
				D45F4B8E2A90FD70001374F5 /* Sounds */,
			);
			path = Sounds;
			sourceTree = "<group>";
		};
		D45F4B8E2A90FD70001374F5 /* Sounds */ = {
			isa = PBXGroup;
			children = (
				D45F4B8F2A90FD70001374F5 /* Sounds */,
			);
			path = Sounds;
			sourceTree = "<group>";
		};
		D45F4B8F2A90FD70001374F5 /* Sounds */ = {
			isa = PBXGroup;
			children = (
				D45F4B902A90FD70001374F5 /* Sounds */,
			);
			path = Sounds;
			sourceTree = "<group>";
		};
		D45F4B902A90FD70001374F5 /* Sounds */ = {
			isa = PBXGroup;
			children = (
				D45F4B912A90FD70001374F5 /* Sounds */,
			);
			path = Sounds;
			sourceTree = "<group>";
		};
		D45F4B912A90FD70001374F5 /* Sounds */ = {
			isa = PBXGroup;
			children = (
				D45F4B922A90FD70001374F5 /* Sounds */,
			);
			path = Sounds;
			sourceTree = "<group>";
		};
		D45F4B922A90FD70001374F5 /* Sounds */ = {
			isa = PBXGroup;
			children = (
				D45F4B932A90FD70001374F5 /* Sounds */,
			);
			path = Sounds;
			sourceTree = "<group>";
		};
		D45F4B932A90FD70001374F5 /* Sounds */ = {
			isa = PBXGroup;
			children = (
				D45F4B942A90FD70001374F5 /* Sounds */,
			);
			path = Sounds;
			sourceTree = "<group>";
		};
		D45F4B942A90FD70001374F5 /* Sounds */ = {
			isa = PBXGroup;
			children = (
				D45F4B952A90FD70001374F5 /* Sounds */,
			);
			path = Sounds;
			sourceTree = "<group>";
		};
		D45F4B952A90FD70001374F5 /* Sounds */ = {
			isa = PBXGroup;
			children = (
				D45F4B962A90FD70001374F5 /* Sounds */,
			);
			path = Sounds;
			sourceTree = "<group>";
		};
		D45F4B962A90FD70001374F5 /* Sounds */ = {
			isa = PBXGroup;
			children = (
				D45F4B972A90FD70001374F5 /* Sounds */,
			);
			path = Sounds;
			sourceTree = "<group>";
		};
		D45F4B972A90FD70001374F5 /* Sounds */ = {
			isa = PBXGroup;
			children = (
				D45F4B982A90FD70001374F5 /* Sounds */,
			);
			path = Sounds;
			sourceTree = "<group>";
		};
		D45F4B982A90FD70001374F5 /* Sounds */ = {
			isa = PBXGroup;
			children = (
				D45F4B992A90FD70001374F5 /* Sounds */,
			);
			path = Sounds;
			sourceTree = "<group>";
		};
		D45F4B992A90FD70001374F5 /* Sounds */ = {
			isa = PBXGroup;
			children = (
				D45F4B9A2A90FD70001374F5 /* Sounds */,
			);
			path = Sounds;
			sourceTree = "<group>";
		};
		D45F4B9A2A90FD70001374F5 /* Sounds */ = {
			isa = PBXGroup;
			children = (
				D45F4B9B2A90FD70001374F5 /* Sounds */,
			);
			path = Sounds;
			sourceTree = "<group>";
		};
		D45F4B9B2A90FD70001374F5 /* Sounds */ = {
			isa = PBXGroup;
			children = (
				D45F4B9C2A90FD70001374F5 /* Sounds */,
			);
			path = Sounds;
			sourceTree = "<group>";
		};
		D45F4B9C2A90FD70001374F5 /* Sounds */ = {
			isa = PBXGroup;
			children = (
				D45F4B9D2A90FD70001374F5 /* Sounds */,
			);
			path = Sounds;
			sourceTree = "<group>";
		};
		D45F4B9D2A90FD70001374F5 /* Sounds */ = {
			isa = PBXGroup;
			children = (
				D45F4B9E2A90FD70001374F5 /* Sounds */,
			);
			path = Sounds;
			sourceTree = "<group>";
		};
		D45F4B9E2A90FD70001374F5 /* Sounds */ = {
			isa = PBXGroup;
			children = (
				D45F4B9F2A90FD70001374F5 /* Sounds */,
			);
			path = Sounds;
			sourceTree = "<group>";
		};
		D45F4B9F2A90FD70001374F5 /* Sounds */ = {
			isa = PBXGroup;
			children = (
				D45F4BA02A90FD70001374F5 /* Sounds */,
			);
			path = Sounds;
			sourceTree = "<group>";
		};
		D45F4BA02A90FD70001374F5 /* Sounds */ = {
			isa = PBXGroup;
			children = (
				D45F4BA12A90FD70001374F5 /* Sounds */,
			);
			path = Sounds;
			sourceTree = "<group>";
		};
		D45F4BA12A90FD70001374F5 /* Sounds */ = {
			isa = PBXGroup;
			children = (
				D45F4BA22A90FD70001374F5 /* Sounds */,
			);
			path = Sounds;
			sourceTree = "<group>";
		};
		D45F4BA22A90FD70001374F5 /* Sounds */ = {
			isa = PBXGroup;
			children = (
				D45F4BA32A90FD70001374F5 /* Sounds */,
			);
			path = Sounds;
			sourceTree = "<group>";
		};
		D45F4BA32A90FD70001374F5 /* Sounds */ = {
			isa = PBXGroup;
			children = (
				D45F4BA42A90FD70001374F5 /* Sounds */,
			);
			path = Sounds;
			sourceTree = "<group>";
		};
		D45F4BA42A90FD70001374F5 /* Sounds */ = {
			isa = PBXGroup;
			children = (
				D45F4BA52A90FD70001374F5 /* Sounds */,
			);
			path = Sounds;
			sourceTree = "<group>";
		};
		D45F4BA52A90FD70001374F5 /* Sounds */ = {
			isa = PBXGroup;
			children = (
				D45F4BA62A90FD70001374F5 /* Sounds */,
			);
			path = Sounds;
			sourceTree = "<group>";
		};
		D45F4BA62A90FD70001374F5 /* Sounds */ = {
			isa = PBXGroup;
			children = (
				D45F4BA72A90FD70001374F5 /* Sounds */,
			);
			path = Sounds;
			sourceTree = "<group>";
		};
		D45F4BA72A90FD70001374F5 /* Sounds */ = {
			isa = PBXGroup;
			children = (
				D45F4BA82A90FD70001374F5 /* Sounds */,
			);
			path = Sounds;
			sourceTree = "<group>";
		};
		D45F4BA82A90FD70001374F5 /* Sounds */ = {
			isa = PBXGroup;
			children = (
				D45F4BA92A90FD70001374F5 /* Sounds */,
			);
			path = Sounds;
			sourceTree = "<group>";
		};
		D45F4BA92A90FD70001374F5 /* Sounds */ = {
			isa = PBXGroup;
			children = (
				D45F4BAA2A90FD70001374F5 /* Sounds */,
			);
			path = Sounds;
			sourceTree = "<group>";
		};
		D45F4BAA2A90FD70001374F5 /* Sounds */ = {
			isa = PBXGroup;
			children = (
				D45F4BAB2A90FD70001374F5 /* Sounds */,
			);
			path = Sounds;
			sourceTree = "<group>";
		};
		D45F4BAB2A90FD70001374F5 /* Sounds */ = {
			isa = PBXGroup;
			children = (
				D45F4BAC2A90FD70001374F5 /* Sounds */,
			);
			path = Sounds;
			sourceTree = "<group>";
		};
		D45F4BAC2A90FD70001374F5 /* Sounds */ = {
			isa = PBXGroup;
			children = (
				D45F4BAD2A90FD70001374F5 /* Sounds */,
			);
			path = Sounds;
			sourceTree = "<group>";
		};
		D45F4BAD2A90FD70001374F5 /* Sounds */ = {
			isa = PBXGroup;
			children = (
				D45F4BAE2A90FD70001374F5 /* Sounds */,
			);
			path = Sounds;
			sourceTree = "<group>";
		};
		D45F4BAE2A90FD70001374F5 /* Sounds */ = {
			isa = PBXGroup;
			children = (
				D45F4BAF2A90FD70001374F5 /* Sounds */,
			);
			path = Sounds;
			sourceTree = "<group>";
		};
		D45F4BAF2A90FD70001374F5 /* Sounds */ = {
			isa = PBXGroup;
			children = (
				D45F4BB02A90FD70001374F5 /* Sounds */,
			);
			path = Sounds;
			sourceTree = "<group>";
		};
		D45F4BB02A90FD70001374F5 /* Sounds */ = {
			isa = PBXGroup;
			children = (
				D45F4BB12A90FD70001374F5 /* Sounds */,
			);
			path = Sounds;
			sourceTree = "<group>";
		};
		D45F4BB12A90FD70001374F5 /* Sounds */ = {
			isa = PBXGroup;
			children = (
				D45F4BB22A90FD70001374F5 /* Sounds */,
			);
			path = Sounds;
			sourceTree = "<group>";
		};
		D45F4BB22A90FD70001374F5 /* Sounds */ = {
			isa = PBXGroup;
			children = (
				D45F4BB32A90FD70001374F5 /* Sounds */,
			);
			path = Sounds;
			sourceTree = "<group>";
		};
		D45F4BB32A90FD70001374F5 /* Sounds */ = {
			isa = PBXGroup;
			children = (
				D45F4BB42A90FD70001374F5 /* Sounds */,
			);
			path = Sounds;
			sourceTree = "<group>";
		};
		D45F4BB42A90FD70001374F5 /* Sounds */ = {
			isa = PBXGroup;
			children = (
				D45F4BB52A90FD70001374F5 /* Sounds */,
			);
			path = Sounds;
			sourceTree = "<group>";
		};
		D45F4BB52A90FD70001374F5 /* Sounds */ = {
			isa = PBXGroup;
			children = (
				D45F4BB62A90FD70001374F5 /* Sounds */,
			);
			path = Sounds;
			sourceTree = "<group>";
		};
		D45F4BB62A90FD70001374F5 /* Sounds */ = {
			isa = PBXGroup;
			children = (
				D45F4BB72A90FD70001374F5 /* Sounds */,
			);
			path = Sounds;
			sourceTree = "<group>";
		};
		D45F4BB72A90FD70001374F5 /* Sounds */ = {
			isa = PBXGroup;
			children = (
				D45F4BB82A90FD70001374F5 /* Sounds */,
			);
			path = Sounds;
			sourceTree = "<group>";
		};
		D45F4BB82A90FD70001374F5 /* Sounds */ = {
			isa = PBXGroup;
			children = (
				D45F4BB92A90FD70001374F5 /* Sounds */,
			);
			path = Sounds;
			sourceTree = "<group>";
		};
		D45F4BB92A90FD70001374F5 /* Sounds */ = {
			isa = PBXGroup;
			children = (
				D45F4BBA2A90FD70001374F5 /* Sounds */,
			);
			path = Sounds;
			sourceTree = "<group>";
		};
		D45F4BBA2A90FD70001374F5 /* Sounds */ = {
			isa = PBXGroup;
			children = (
				D45F4BBB2A90FD70001374F5 /* Sounds */,
			);
			path = Sounds;
			sourceTree = "<group>";
		};
		D45F4BBB2A90FD70001374F5 /* Sounds */ = {
			isa = PBXGroup;
			children = (
				D45F4BBC2A90FD70001374F5 /* Sounds */,
			);
			path = Sounds;
			sourceTree = "<group>";
		};
		D45F4BBC2A90FD70001374F5 /* Sounds */ = {
			isa = PBXGroup;
			children = (
				D45F4BBD2A90FD70001374F5 /* Sounds */,
			);
			path = Sounds;
			sourceTree = "<group>";
		};
		D45F4BBD2A90FD70001374F5 /* Sounds */ = {
			isa = PBXGroup;
			children = (
				D45F4BBE2A90FD70001374F5 /* Sounds */,
			);
			path = Sounds;
			sourceTree = "<group>";
		};
		D45F4BBE2A90FD70001374F5 /* Sounds */ = {
			isa = PBXGroup;
			children = (
				D45F4BBF2A90FD70001374F5 /* Sounds */,
			);
			path = Sounds;
			sourceTree = "<group>";
		};
		D45F4BBF2A90FD70001374F5 /* Sounds */ = {
			isa = PBXGroup;
			children = (
				D45F4BC02A90FD70001374F5 /* Sounds */,
			);
			path = Sounds;
			sourceTree = "<group>";
		};
		D45F4BC02A90FD70001374F5 /* Sounds */ = {
			isa = PBXGroup;
			children = (
				D45F4BC12A90FD70001374F5 /* Sounds */,
			);
			path = Sounds;
			sourceTree = "<group>";
		};
		D45F4BC12A90FD70001374F5 /* Sounds */ = {
			isa = PBXGroup;
			children = (
				D45F4BC22A90FD70001374F5 /* Sounds */,
			);
			path = Sounds;
			sourceTree = "<group>";
		};
		D45F4BC22A90FD70001374F5 /* Sounds */ = {
			isa = PBXGroup;
			children = (
				D45F4BC32A90FD70001374F5 /* Sounds */,
			);
			path = Sounds;
			sourceTree = "<group>";
		};
		D45F4BC32A90FD70001374F5 /* Sounds */ = {
			isa = PBXGroup;
			children = (
				D45F4BC42A90FD70001374F5 /* Sounds */,
			);
			path = Sounds;
			sourceTree = "<group>";
		};
		D45F4BC42A90FD70001374F5 /* Sounds */ = {
			isa = PBXGroup;
			children = (
				D45F4BC52A90FD70001374F5 /* Sounds */,
			);
			path = Sounds;
			sourceTree = "<group>";
		};
		D45F4BC52A90FD70001374F5 /* Sounds */ = {
			isa = PBXGroup;
			children = (
				D45F4BC62A90FD70001374F5 /* Sounds */,
			);
			path = Sounds;
			sourceTree = "<group>";
		};
		D45F4BC62A90FD70001374F5 /* Sounds */ = {
			isa = PBXGroup;
			children = (
				D45F4BC72A90FD70001374F5 /* Sounds */,
			);
			path = Sounds;
			sourceTree = "<group>";
		};
		D45F4BC72A90FD70001374F5 /* Sounds */ = {
			isa = PBXGroup;
			children = (
				D45F4BC82A90FD70001374F5 /* Sounds */,
			);
			path = Sounds;
			sourceTree = "<group>";
		};
		D45F4BC82A90FD70001374F5 /* Sounds */ = {
			isa = PBXGroup;
			children = (
				D45F4BC92A90FD70001374F5 /* Sounds */,
			);
			path = Sounds;
			sourceTree = "<group>";
		};
		D45F4BC92A90FD70001374F5 /* Sounds */ = {
			isa = PBXGroup;
			children = (
				D45F4BCA2A90FD70001374F5 /* Sounds */,
			);
			path = Sounds;
			sourceTree = "<group>";
		};
		D45F4BCA2A90FD70001374F5 /* Sounds */ = {
			isa = PBXGroup;
			children = (
				D45F4BCB2A90FD70001374F5 /* Sounds */,
			);
			path = Sounds;
			sourceTree = "<group>";
		};
		D45F4BCB2A90FD70001374F5 /* Sounds */ = {
			isa = PBXGroup;
			children = (
				D45F4BCC2A90FD70001374F5 /* Sounds */,
			);
			path = Sounds;
			sourceTree = "<group>";
		};
		D45F4BCC2A90FD70001374F5 /* Sounds */ = {
			isa = PBXGroup;
			children = (
				D45F4BCD2A90FD70001374F5 /* Sounds */,
			);
			path = Sounds;
			sourceTree = "<group>";
		};
		D45F4BCD2A90FD70001374F5 /* Sounds */ = {
			isa = PBXGroup;
			children = (
				D45F4BCE2A90FD70001374F5 /* Sounds */,
			);
			path = Sounds;
			sourceTree = "<group>";
		};
		D45F4BCE2A90FD70001374F5 /* Sounds */ = {
			isa = PBXGroup;
			children = (
				D45F4BCF2A90FD70001374F5 /* Sounds */,
			);
			path = Sounds;
			sourceTree = "<group>";
		};
		D45F4BCF2A90FD70001374F5 /* Sounds */ = {
			isa = PBXGroup;
			children = (
				D45F4BD02A90FD70001374F5 /* Sounds */,
			);
			path = Sounds;
			sourceTree = "<group>";
		};
		D45F4BD02A90FD70001374F5 /* Sounds */ = {
			isa = PBXGroup;
			children = (
				D45F4BD12A90FD70001374F5 /* Sounds */,
			);
			path = Sounds;
			sourceTree = "<group>";
		};
		D45F4BD12A90FD70001374F5 /* Sounds */ = {
			isa = PBXGroup;
			children = (
				D45F4BD22A90FD70001374F5 /* Sounds */,
			);
			path = Sounds;
			sourceTree = "<group>";
		};
		D45F4BD22A90FD70001374F5 /* Sounds */ = {
			isa = PBXGroup;
			children = (
				D45F4BD32A90FD70001374F5 /* Sounds */,
			);
			path = Sounds;
			sourceTree = "<group>";
		};
		D45F4BD32A90FD70001374F5 /* Sounds */ = {
			isa = PBXGroup;
			children = (
				D45F4BD42A90FD70001374F5 /* Sounds */,
			);
			path = Sounds;
			sourceTree = "<group>";
		};
		D45F4BD42A90FD70001374F5 /* Sounds */ = {
			isa = PBXGroup;
			children = (
				D45F4BD52A90FD70001374F5 /* Sounds */,
			);
			path = Sounds;
			sourceTree = "<group>";
		};
		D45F4BD52A90FD70001374F5 /* Sounds */ = {
			isa = PBXGroup;
			children = (
				D45F4BD62A90FD70001374F5 /* Sounds */,
			);
			path = Sounds;
			sourceTree = "<group>";
		};
		D45F4BD62A90FD70001374F5 /* Sounds */ = {
			isa = PBXGroup;
			children = (
				D45F4BD72A90FD70001374F5 /* Sounds */,
			);
			path = Sounds;
			sourceTree = "<group>";
		};
		D45F4BD72A90FD70001374F5 /* Sounds */ = {
			isa = PBXGroup;
			children = (
				D45F4BD82A90FD70001374F5 /* Sounds */,
			);
			path = Sounds;
			sourceTree = "<group>";
		};
		D45F4BD82A90FD70001374F5 /* Sounds */ = {
			isa = PBXGroup;
			children = (
				D45F4BD92A90FD70001374F5 /* Sounds */,
			);
			path = Sounds;
			sourceTree = "<group>";
		};
		D45F4BD92A90FD70001374F5 /* Sounds */ = {
			isa = PBXGroup;
			children = (
				D45F4BDA2A90FD70001374F5 /* Sounds */,
			);
			path = Sounds;
			sourceTree = "<group>";
		};
		D45F4BDA2A90FD70001374F5 /* Sounds */ = {
			isa = PBXGroup;
			children = (
				D45F4BDB2A90FD70001374F5 /* Sounds */,
			);
			path = Sounds;
			sourceTree = "<group>";
		};
		D45F4BDB2A90FD70001374F5 /* Sounds */ = {
			isa = PBXGroup;
			children = (
				D45F4BDC2A90FD70001374F5 /* Sounds */,
			);
			path = Sounds;
			sourceTree = "<group>";
		};
		D45F4BDC2A90FD70001374F5 /* Sounds */ = {
			isa = PBXGroup;
			children = (
				D45F4BDD2A90FD70001374F5 /* Sounds */,
			);
			path = Sounds;
			sourceTree = "<group>";
		};
		D45F4BDD2A90FD70001374F5 /* Sounds */ = {
			isa = PBXGroup;
			children = (
				D45F4BDE2A90FD70001374F5 /* Sounds */,
			);
			path = Sounds;
			sourceTree = "<group>";
		};
		D45F4BDE2A90FD70001374F5 /* Sounds */ = {
			isa = PBXGroup;
			children = (
				D45F4BDF2A90FD70001374F5 /* Sounds */,
			);
			path = Sounds;
			sourceTree = "<group>";
		};
		D45F4BDF2A90FD70001374F5 /* Sounds */ = {
			isa = PBXGroup;
			children = (
				D45F4BE02A90FD70001374F5 /* Sounds */,
			);
			path = Sounds;
			sourceTree = "<group>";
		};
		D45F4BE02A90FD70001374F5 /* Sounds */ = {
			isa = PBXGroup;
			children = (
				D45F4BE12A90FD70001374F5 /* Sounds */,
			);
			path = Sounds;
			sourceTree = "<group>";
		};
		D45F4BE12A90FD70001374F5 /* Sounds */ = {
			isa = PBXGroup;
			children = (
				D45F4BE22A90FD70001374F5 /* Sounds */,
			);
			path = Sounds;
			sourceTree = "<group>";
		};
		D45F4BE22A90FD70001374F5 /* Sounds */ = {
			isa = PBXGroup;
			children = (
				D45F4BE32A90FD70001374F5 /* Sounds */,
			);
			path = Sounds;
			sourceTree = "<group>";
		};
		D45F4BE32A90FD70001374F5 /* Sounds */ = {
			isa = PBXGroup;
			children = (
				D45F4BE42A90FD70001374F5 /* Sounds */,
			);
			path = Sounds;
			sourceTree = "<group>";
		};
		D45F4BE42A90FD70001374F5 /* Sounds */ = {
			isa = PBXGroup;
			children = (
				D45F4BE52A90FD70001374F5 /* Sounds */,
			);
			path = Sounds;
			sourceTree = "<group>";
		};
		D45F4BE52A90FD70001374F5 /* Sounds */ = {
			isa = PBXGroup;
			children = (
				D45F4BE62A90FD70001374F5 /* Sounds */,
			);
			path = Sounds;
			sourceTree = "<group>";
		};
		D45F4BE62A90FD70001374F5 /* Sounds */ = {
			isa = PBXGroup;
			children = (
				D45F4BE72A90FD70001374F5 /* Sounds */,
			);
			path = Sounds;
			sourceTree = "<group>";
		};
		D45F4BE72A90FD70001374F5 /* Sounds */ = {
			isa = PBXGroup;
			children = (
				D45F4BE82A90FD70001374F5 /* Sounds */,
			);
			path = Sounds;
			sourceTree = "<group>";
		};
		D45F4BE82A90FD70001374F5 /* Sounds */ = {
			isa = PBXGroup;
			children = (
				D45F4BE92A90FD70001374F5 /* Sounds */,
			);
			path = Sounds;
			sourceTree = "<group>";
		};
		D45F4BE92A90FD70001374F5 /* Sounds */ = {
			isa = PBXGroup;
			children = (
				D45F4BEA2A90FD70001374F5 /* Sounds */,
			);
			path = Sounds;
			sourceTree = "<group>";
		};
		D45F4BEA2A90FD70001374F5 /* Sounds */ = {
			isa = PBXGroup;
			children = (
				D45F4BEB2A90FD70001374F5 /* Sounds */,
			);
			path = Sounds;
			sourceTree = "<group>";
		};
		D45F4BEB2A90FD70001374F5 /* Sounds */ = {
			isa = PBXGroup;
			children = (
				D45F4BEC2A90FD70001374F5 /* Sounds */,
			);
			path = Sounds;
			sourceTree = "<group>";
		};
		D45F4BEC2A90FD70001374F5 /* Sounds */ = {
			isa = PBXGroup;
			children = (
				D45F4BED2A90FD70001374F5 /* Sounds */,
			);
			path = Sounds;
			sourceTree = "<group>";
		};
		D45F4BED2A90FD70001374F5 /* Sounds */ = {
			isa = PBXGroup;
			children = (
				D45F4BEE2A90FD70001374F5 /* Sounds */,
			);
			path = Sounds;
			sourceTree = "<group>";
		};
		D45F4BEE2A90FD70001374F5 /* Sounds */ = {
			isa = PBXGroup;
			children = (
				D45F4BEF2A90FD70001374F5 /* Sounds */,
			);
			path = Sounds;
			sourceTree = "<group>";
		};
		D45F4BEF2A90FD70001374F5 /* Sounds */ = {
			isa = PBXGroup;
			children = (
				D45F4BF02A90FD70001374F5 /* Sounds */,
			);
			path = Sounds;
			sourceTree = "<group>";
		};
		D45F4BF02A90FD70001374F5 /* Sounds */ = {
			isa = PBXGroup;
			children = (
				D45F4BF12A90FD70001374F5 /* Sounds */,
			);
			path = Sounds;
			sourceTree = "<group>";
		};
		D45F4BF12A90FD70001374F5 /* Sounds */ = {
			isa = PBXGroup;
			children = (
				D45F4BF22A90FD70001374F5 /* Sounds */,
			);
			path = Sounds;
			sourceTree = "<group>";
		};
		D45F4BF22A90FD70001374F5 /* Sounds */ = {
			isa = PBXGroup;
			children = (
				D45F4BF32A90FD70001374F5 /* Sounds */,
			);
			path = Sounds;
			sourceTree = "<group>";
		};
		D45F4BF32A90FD70001374F5 /* Sounds */ = {
			isa = PBXGroup;
			children = (
				D45F4BF42A90FD70001374F5 /* Sounds */,
			);
			path = Sounds;
			sourceTree = "<group>";
		};
		D45F4BF42A90FD70001374F5 /* Sounds */ = {
			isa = PBXGroup;
			children = (
				D45F4BF52A90FD70001374F5 /* Sounds */,
			);
			path = Sounds;
			sourceTree = "<group>";
		};
		D45F4BF52A90FD70001374F5 /* Sounds */ = {
			isa = PBXGroup;
			children = (
				D45F4BF62A90FD70001374F5 /* Sounds */,
			);
			path = Sounds;
			sourceTree = "<group>";
		};
		D45F4BF62A90FD70001374F5 /* Sounds */ = {
			isa = PBXGroup;
			children = (
				D45F4BF72A90FD70001374F5 /* Sounds */,
			);
			path = Sounds;
			sourceTree = "<group>";
		};
		D45F4BF72A90FD70001374F5 /* Sounds */ = {
			isa = PBXGroup;
			children = (
				D45F4BF82A90FD70001374F5 /* Sounds */,
			);
			path = Sounds;
			sourceTree = "<group>";
		};
		D45F4BF82A90FD70001374F5 /* Sounds */ = {
			isa = PBXGroup;
			children = (
				D45F4BF92A90FD70001374F5 /* Sounds */,
			);
			path = Sounds;
			sourceTree = "<group>";
		};
		D45F4BF92A90FD70001374F5 /* Sounds */ = {
			isa = PBXGroup;
			children = (
				D45F4BFA2A90FD70001374F5 /* Sounds */,
			);
			path = Sounds;
			sourceTree = "<group>";
		};
		D45F4BFA2A90FD70001374F5 /* Sounds */ = {
			isa = PBXGroup;
			children = (
				D45F4BFB2A90FD70001374F5 /* Sounds */,
			);
			path = Sounds;
			sourceTree = "<group>";
		};
		D45F4BFB2A90FD70001374F5 /* Sounds */ = {
			isa = PBXGroup;
			children = (
				D45F4BFC2A90FD70001374F5 /* Sounds */,
			);
			path = Sounds;
			sourceTree = "<group>";
		};
		D45F4BFC2A90FD70001374F5 /* Sounds */ = {
			isa = PBXGroup;
			children = (
				D45F4BFD2A90FD70001374F5 /* Sounds */,
			);
			path = Sounds;
			sourceTree = "<group>";
		};
		D45F4BFD2A90FD70001374F5 /* Sounds */ = {
			isa = PBXGroup;
			children = (
				D45F4BFE2A90FD70001374F5 /* Sounds */,
			);
			path = Sounds;
			sourceTree = "<group>";
		};
		D45F4BFE2A90FD70001374F5 /* Sounds */ = {
			isa = PBXGroup;
			children = (
				D45F4BFF2A90FD70001374F5 /* Sounds */,
			);
			path = Sounds;
			sourceTree = "<group>";
		};
		D45F4BFF2A90FD70001374F5 /* Sounds */ = {
			isa = PBXGroup;
			children = (
				D45F4C002A90FD70001374F5 /* Sounds */,
			);
			path = Sounds;
			sourceTree = "<group>";
		};
		D45F4C002A90FD70001374F5 /* Sounds */ = {
			isa = PBXGroup;
			children = (
				D45F4C012A90FD70001374F5 /* Sound */,
			);
			path = Sounds;
			sourceTree = "<group>";
		};
		D45F4C012A90FD70001374F5 /* Sound */ = {
			isa = PBXGroup;
			children = (
			);
			path = Sound;
			sourceTree = "<group>";
		};
/* End PBXGroup section */

/* Begin PBXNativeTarget section */
		D4528C9E2A8F9E5900437233 /* Xylophone */ = {
			isa = PBXNativeTarget;
			buildConfigurationList = D4528CC92A8F9E5A00437233 /* Build configuration list for PBXNativeTarget "Xylophone" */;
			buildPhases = (
				D4528C9B2A8F9E5900437233 /* Sources */,
				D4528C9C2A8F9E5900437233 /* Frameworks */,
				D4528C9D2A8F9E5900437233 /* Resources */,
			);
			buildRules = (
			);
			dependencies = (
			);
			name = Xylophone;
			productName = Xylophone;
			productReference = D4528C9F2A8F9E5900437233 /* Xylophone.app */;
			productType = "com.apple.product-type.application";
		};
		D4528CB42A8F9E5A00437233 /* XylophoneTests */ = {
			isa = PBXNativeTarget;
			buildConfigurationList = D4528CCC2A8F9E5A00437233 /* Build configuration list for PBXNativeTarget "XylophoneTests" */;
			buildPhases = (
				D4528CB12A8F9E5A00437233 /* Sources */,
				D4528CB22A8F9E5A00437233 /* Frameworks */,
				D4528CB32A8F9E5A00437233 /* Resources */,
			);
			buildRules = (
			);
			dependencies = (
				D4528CB72A8F9E5A00437233 /* PBXTargetDependency */,
			);
			name = XylophoneTests;
			productName = XylophoneTests;
			productReference = D4528CB52A8F9E5A00437233 /* XylophoneTests.xctest */;
			productType = "com.apple.product-type.bundle.unit-test";
		};
		D4528CBE2A8F9E5A00437233 /* XylophoneUITests */ = {
			isa = PBXNativeTarget;
			buildConfigurationList = D4528CCF2A8F9E5A00437233 /* Build configuration list for PBXNativeTarget "XylophoneUITests" */;
			buildPhases = (
				D4528CBB2A8F9E5A00437233 /* Sources */,
				D4528CBC2A8F9E5A00437233 /* Frameworks */,
				D4528CBD2A8F9E5A00437233 /* Resources */,
			);
			buildRules = (
			);
			dependencies = (
				D4528CC12A8F9E5A00437233 /* PBXTargetDependency */,
			);
			name = XylophoneUITests;
			productName = XylophoneUITests;
			productReference = D4528CBF2A8F9E5A00437233 /* XylophoneUITests.xctest */;
			productType = "com.apple.product-type.bundle.ui-testing";
		};
/* End PBXNativeTarget section */

/* Begin PBXProject section */
		D4528C972A8F9E5900437233 /* Project object */ = {
			isa = PBXProject;
			attributes = {
				BuildIndependentTargetsInParallel = 1;
				LastSwiftUpdateCheck = 1430;
				LastUpgradeCheck = 1430;
				TargetAttributes = {
					D4528C9E2A8F9E5900437233 = {
						CreatedOnToolsVersion = 14.3.1;
					};
					D4528CB42A8F9E5A00437233 = {
						CreatedOnToolsVersion = 14.3.1;
						TestTargetID = D4528C9E2A8F9E5900437233;
					};
					D4528CBE2A8F9E5A00437233 = {
						CreatedOnToolsVersion = 14.3.1;
						TestTargetID = D4528C9E2A8F9E5900437233;
					};
				};
			};
			buildConfigurationList = D4528C9A2A8F9E5900437233 /* Build configuration list for PBXProject "Xylophone" */;
			compatibilityVersion = "Xcode 14.0";
			developmentRegion = en;
			hasScannedForEncodings = 0;
			knownRegions = (
				en,
				Base,
			);
			mainGroup = D4528C962A8F9E5900437233;
			productRefGroup = D4528CA02A8F9E5900437233 /* Products */;
			projectDirPath = "";
			projectRoot = "";
			targets = (
				D4528C9E2A8F9E5900437233 /* Xylophone */,
				D4528CB42A8F9E5A00437233 /* XylophoneTests */,
				D4528CBE2A8F9E5A00437233 /* XylophoneUITests */,
			);
		};
/* End PBXProject section */

/* Begin PBXResourcesBuildPhase section */
		D4528C9D2A8F9E5900437233 /* Resources */ = {
			isa = PBXResourcesBuildPhase;
			buildActionMask = 2147483647;
			files = (
				D45F4C0D2A90FD70001374F5 /* G.wav in Resources */,
				D4528CAF2A8F9E5A00437233 /* LaunchScreen.storyboard in Resources */,
				D45F4C0C2A90FD70001374F5 /* F.wav in Resources */,
				D4528CAC2A8F9E5A00437233 /* Assets.xcassets in Resources */,
				D45F4C092A90FD70001374F5 /* A.wav in Resources */,
				D45F4C0B2A90FD70001374F5 /* B.wav in Resources */,
				D45F4C0E2A90FD70001374F5 /* E.wav in Resources */,
				D45F4C0F2A90FD70001374F5 /* D.wav in Resources */,
				D4528CAA2A8F9E5900437233 /* Main.storyboard in Resources */,
				D45F4C0A2A90FD70001374F5 /* C.wav in Resources */,
			);
			runOnlyForDeploymentPostprocessing = 0;
		};
		D4528CB32A8F9E5A00437233 /* Resources */ = {
			isa = PBXResourcesBuildPhase;
			buildActionMask = 2147483647;
			files = (
			);
			runOnlyForDeploymentPostprocessing = 0;
		};
		D4528CBD2A8F9E5A00437233 /* Resources */ = {
			isa = PBXResourcesBuildPhase;
			buildActionMask = 2147483647;
			files = (
			);
			runOnlyForDeploymentPostprocessing = 0;
		};
/* End PBXResourcesBuildPhase section */

/* Begin PBXSourcesBuildPhase section */
		D4528C9B2A8F9E5900437233 /* Sources */ = {
			isa = PBXSourcesBuildPhase;
			buildActionMask = 2147483647;
			files = (
				D4528CA72A8F9E5900437233 /* ViewController.swift in Sources */,
				D4528CA32A8F9E5900437233 /* AppDelegate.swift in Sources */,
				D4528CA52A8F9E5900437233 /* SceneDelegate.swift in Sources */,
			);
			runOnlyForDeploymentPostprocessing = 0;
		};
		D4528CB12A8F9E5A00437233 /* Sources */ = {
			isa = PBXSourcesBuildPhase;
			buildActionMask = 2147483647;
			files = (
				D4528CBA2A8F9E5A00437233 /* XylophoneTests.swift in Sources */,
			);
			runOnlyForDeploymentPostprocessing = 0;
		};
		D4528CBB2A8F9E5A00437233 /* Sources */ = {
			isa = PBXSourcesBuildPhase;
			buildActionMask = 2147483647;
			files = (
				D4528CC42A8F9E5A00437233 /* XylophoneUITests.swift in Sources */,
				D4528CC62A8F9E5A00437233 /* XylophoneUITestsLaunchTests.swift in Sources */,
			);
			runOnlyForDeploymentPostprocessing = 0;
		};
/* End PBXSourcesBuildPhase section */

/* Begin PBXTargetDependency section */
		D4528CB72A8F9E5A00437233 /* PBXTargetDependency */ = {
			isa = PBXTargetDependency;
			target = D4528C9E2A8F9E5900437233 /* Xylophone */;
			targetProxy = D4528CB62A8F9E5A00437233 /* PBXContainerItemProxy */;
		};
		D4528CC12A8F9E5A00437233 /* PBXTargetDependency */ = {
			isa = PBXTargetDependency;
			target = D4528C9E2A8F9E5900437233 /* Xylophone */;
			targetProxy = D4528CC02A8F9E5A00437233 /* PBXContainerItemProxy */;
		};
/* End PBXTargetDependency section */

/* Begin PBXVariantGroup section */
		D4528CA82A8F9E5900437233 /* Main.storyboard */ = {
			isa = PBXVariantGroup;
			children = (
				D4528CA92A8F9E5900437233 /* Base */,
			);
			name = Main.storyboard;
			sourceTree = "<group>";
		};
		D4528CAD2A8F9E5A00437233 /* LaunchScreen.storyboard */ = {
			isa = PBXVariantGroup;
			children = (
				D4528CAE2A8F9E5A00437233 /* Base */,
			);
			name = LaunchScreen.storyboard;
			sourceTree = "<group>";
		};
/* End PBXVariantGroup section */

/* Begin XCBuildConfiguration section */
		D4528CC72A8F9E5A00437233 /* Debug */ = {
			isa = XCBuildConfiguration;
			buildSettings = {
				ALWAYS_SEARCH_USER_PATHS = NO;
				CLANG_ANALYZER_NONNULL = YES;
				CLANG_ANALYZER_NUMBER_OBJECT_CONVERSION = YES_AGGRESSIVE;
				CLANG_CXX_LANGUAGE_STANDARD = "gnu++20";
				CLANG_ENABLE_MODULES = YES;
				CLANG_ENABLE_OBJC_ARC = YES;
				CLANG_ENABLE_OBJC_WEAK = YES;
				CLANG_WARN_BLOCK_CAPTURE_AUTORELEASING = YES;
				CLANG_WARN_BOOL_CONVERSION = YES;
				CLANG_WARN_COMMA = YES;
				CLANG_WARN_CONSTANT_CONVERSION = YES;
				CLANG_WARN_DEPRECATED_OBJC_IMPLEMENTATIONS = YES;
				CLANG_WARN_DIRECT_OBJC_ISA_USAGE = YES_ERROR;
				CLANG_WARN_DOCUMENTATION_COMMENTS = YES;
				CLANG_WARN_EMPTY_BODY = YES;
				CLANG_WARN_ENUM_CONVERSION = YES;
				CLANG_WARN_INFINITE_RECURSION = YES;
				CLANG_WARN_INT_CONVERSION = YES;
				CLANG_WARN_NON_LITERAL_NULL_CONVERSION = YES;
				CLANG_WARN_OBJC_IMPLICIT_RETAIN_SELF = YES;
				CLANG_WARN_OBJC_LITERAL_CONVERSION = YES;
				CLANG_WARN_OBJC_ROOT_CLASS = YES_ERROR;
				CLANG_WARN_QUOTED_INCLUDE_IN_FRAMEWORK_HEADER = YES;
				CLANG_WARN_RANGE_LOOP_ANALYSIS = YES;
				CLANG_WARN_STRICT_PROTOTYPES = YES;
				CLANG_WARN_SUSPICIOUS_MOVE = YES;
				CLANG_WARN_UNGUARDED_AVAILABILITY = YES_AGGRESSIVE;
				CLANG_WARN_UNREACHABLE_CODE = YES;
				CLANG_WARN__DUPLICATE_METHOD_MATCH = YES;
				COPY_PHASE_STRIP = NO;
				DEBUG_INFORMATION_FORMAT = dwarf;
				ENABLE_STRICT_OBJC_MSGSEND = YES;
				ENABLE_TESTABILITY = YES;
				GCC_C_LANGUAGE_STANDARD = gnu11;
				GCC_DYNAMIC_NO_PIC = NO;
				GCC_NO_COMMON_BLOCKS = YES;
				GCC_OPTIMIZATION_LEVEL = 0;
				GCC_PREPROCESSOR_DEFINITIONS = (
					"DEBUG=1",
					"$(inherited)",
				);
				GCC_WARN_64_TO_32_BIT_CONVERSION = YES;
				GCC_WARN_ABOUT_RETURN_TYPE = YES_ERROR;
				GCC_WARN_UNDECLARED_SELECTOR = YES;
				GCC_WARN_UNINITIALIZED_AUTOS = YES_AGGRESSIVE;
				GCC_WARN_UNUSED_FUNCTION = YES;
				GCC_WARN_UNUSED_VARIABLE = YES;
				IPHONEOS_DEPLOYMENT_TARGET = 16.4;
				MTL_ENABLE_DEBUG_INFO = INCLUDE_SOURCE;
				MTL_FAST_MATH = YES;
				ONLY_ACTIVE_ARCH = YES;
				SDKROOT = iphoneos;
				SWIFT_ACTIVE_COMPILATION_CONDITIONS = DEBUG;
				SWIFT_OPTIMIZATION_LEVEL = "-Onone";
			};
			name = Debug;
		};
		D4528CC82A8F9E5A00437233 /* Release */ = {
			isa = XCBuildConfiguration;
			buildSettings = {
				ALWAYS_SEARCH_USER_PATHS = NO;
				CLANG_ANALYZER_NONNULL = YES;
				CLANG_ANALYZER_NUMBER_OBJECT_CONVERSION = YES_AGGRESSIVE;
				CLANG_CXX_LANGUAGE_STANDARD = "gnu++20";
				CLANG_ENABLE_MODULES = YES;
				CLANG_ENABLE_OBJC_ARC = YES;
				CLANG_ENABLE_OBJC_WEAK = YES;
				CLANG_WARN_BLOCK_CAPTURE_AUTORELEASING = YES;
				CLANG_WARN_BOOL_CONVERSION = YES;
				CLANG_WARN_COMMA = YES;
				CLANG_WARN_CONSTANT_CONVERSION = YES;
				CLANG_WARN_DEPRECATED_OBJC_IMPLEMENTATIONS = YES;
				CLANG_WARN_DIRECT_OBJC_ISA_USAGE = YES_ERROR;
				CLANG_WARN_DOCUMENTATION_COMMENTS = YES;
				CLANG_WARN_EMPTY_BODY = YES;
				CLANG_WARN_ENUM_CONVERSION = YES;
				CLANG_WARN_INFINITE_RECURSION = YES;
				CLANG_WARN_INT_CONVERSION = YES;
				CLANG_WARN_NON_LITERAL_NULL_CONVERSION = YES;
				CLANG_WARN_OBJC_IMPLICIT_RETAIN_SELF = YES;
				CLANG_WARN_OBJC_LITERAL_CONVERSION = YES;
				CLANG_WARN_OBJC_ROOT_CLASS = YES_ERROR;
				CLANG_WARN_QUOTED_INCLUDE_IN_FRAMEWORK_HEADER = YES;
				CLANG_WARN_RANGE_LOOP_ANALYSIS = YES;
				CLANG_WARN_STRICT_PROTOTYPES = YES;
				CLANG_WARN_SUSPICIOUS_MOVE = YES;
				CLANG_WARN_UNGUARDED_AVAILABILITY = YES_AGGRESSIVE;
				CLANG_WARN_UNREACHABLE_CODE = YES;
				CLANG_WARN__DUPLICATE_METHOD_MATCH = YES;
				COPY_PHASE_STRIP = NO;
				DEBUG_INFORMATION_FORMAT = "dwarf-with-dsym";
				ENABLE_NS_ASSERTIONS = NO;
				ENABLE_STRICT_OBJC_MSGSEND = YES;
				GCC_C_LANGUAGE_STANDARD = gnu11;
				GCC_NO_COMMON_BLOCKS = YES;
				GCC_WARN_64_TO_32_BIT_CONVERSION = YES;
				GCC_WARN_ABOUT_RETURN_TYPE = YES_ERROR;
				GCC_WARN_UNDECLARED_SELECTOR = YES;
				GCC_WARN_UNINITIALIZED_AUTOS = YES_AGGRESSIVE;
				GCC_WARN_UNUSED_FUNCTION = YES;
				GCC_WARN_UNUSED_VARIABLE = YES;
				IPHONEOS_DEPLOYMENT_TARGET = 16.4;
				MTL_ENABLE_DEBUG_INFO = NO;
				MTL_FAST_MATH = YES;
				SDKROOT = iphoneos;
				SWIFT_COMPILATION_MODE = wholemodule;
				SWIFT_OPTIMIZATION_LEVEL = "-O";
				VALIDATE_PRODUCT = YES;
			};
			name = Release;
		};
		D4528CCA2A8F9E5A00437233 /* Debug */ = {
			isa = XCBuildConfiguration;
			buildSettings = {
				ASSETCATALOG_COMPILER_APPICON_NAME = AppIcon;
				ASSETCATALOG_COMPILER_GLOBAL_ACCENT_COLOR_NAME = AccentColor;
				CODE_SIGN_STYLE = Automatic;
				CURRENT_PROJECT_VERSION = 1;
				DEVELOPMENT_TEAM = 6AYX5BQ6J5;
				GENERATE_INFOPLIST_FILE = YES;
				INFOPLIST_FILE = Xylophone/Info.plist;
				INFOPLIST_KEY_UIApplicationSupportsIndirectInputEvents = YES;
				INFOPLIST_KEY_UILaunchStoryboardName = LaunchScreen;
				INFOPLIST_KEY_UIMainStoryboardFile = Main;
				INFOPLIST_KEY_UISupportedInterfaceOrientations_iPad = "UIInterfaceOrientationPortrait UIInterfaceOrientationPortraitUpsideDown UIInterfaceOrientationLandscapeLeft UIInterfaceOrientationLandscapeRight";
				INFOPLIST_KEY_UISupportedInterfaceOrientations_iPhone = "UIInterfaceOrientationPortrait UIInterfaceOrientationLandscapeLeft UIInterfaceOrientationLandscapeRight";
				LD_RUNPATH_SEARCH_PATHS = (
					"$(inherited)",
					"@executable_path/Frameworks",
				);
				MARKETING_VERSION = 1.0;
				PRODUCT_BUNDLE_IDENTIFIER = com.melomanya.Xylophone;
				PRODUCT_NAME = "$(TARGET_NAME)";
				SWIFT_EMIT_LOC_STRINGS = YES;
				SWIFT_VERSION = 5.0;
				TARGETED_DEVICE_FAMILY = "1,2";
			};
			name = Debug;
		};
		D4528CCB2A8F9E5A00437233 /* Release */ = {
			isa = XCBuildConfiguration;
			buildSettings = {
				ASSETCATALOG_COMPILER_APPICON_NAME = AppIcon;
				ASSETCATALOG_COMPILER_GLOBAL_ACCENT_COLOR_NAME = AccentColor;
				CODE_SIGN_STYLE = Automatic;
				CURRENT_PROJECT_VERSION = 1;
				DEVELOPMENT_TEAM = 6AYX5BQ6J5;
				GENERATE_INFOPLIST_FILE = YES;
				INFOPLIST_FILE = Xylophone/Info.plist;
				INFOPLIST_KEY_UIApplicationSupportsIndirectInputEvents = YES;
				INFOPLIST_KEY_UILaunchStoryboardName = LaunchScreen;
				INFOPLIST_KEY_UIMainStoryboardFile = Main;
				INFOPLIST_KEY_UISupportedInterfaceOrientations_iPad = "UIInterfaceOrientationPortrait UIInterfaceOrientationPortraitUpsideDown UIInterfaceOrientationLandscapeLeft UIInterfaceOrientationLandscapeRight";
				INFOPLIST_KEY_UISupportedInterfaceOrientations_iPhone = "UIInterfaceOrientationPortrait UIInterfaceOrientationLandscapeLeft UIInterfaceOrientationLandscapeRight";
				LD_RUNPATH_SEARCH_PATHS = (
					"$(inherited)",
					"@executable_path/Frameworks",
				);
				MARKETING_VERSION = 1.0;
				PRODUCT_BUNDLE_IDENTIFIER = com.melomanya.Xylophone;
				PRODUCT_NAME = "$(TARGET_NAME)";
				SWIFT_EMIT_LOC_STRINGS = YES;
				SWIFT_VERSION = 5.0;
				TARGETED_DEVICE_FAMILY = "1,2";
			};
			name = Release;
		};
		D4528CCD2A8F9E5A00437233 /* Debug */ = {
			isa = XCBuildConfiguration;
			buildSettings = {
				ALWAYS_EMBED_SWIFT_STANDARD_LIBRARIES = YES;
				BUNDLE_LOADER = "$(TEST_HOST)";
				CODE_SIGN_STYLE = Automatic;
				CURRENT_PROJECT_VERSION = 1;
				DEVELOPMENT_TEAM = 6AYX5BQ6J5;
				GENERATE_INFOPLIST_FILE = YES;
				IPHONEOS_DEPLOYMENT_TARGET = 16.4;
				MARKETING_VERSION = 1.0;
				PRODUCT_BUNDLE_IDENTIFIER = com.melomanya.XylophoneTests;
				PRODUCT_NAME = "$(TARGET_NAME)";
				SWIFT_EMIT_LOC_STRINGS = NO;
				SWIFT_VERSION = 5.0;
				TARGETED_DEVICE_FAMILY = "1,2";
				TEST_HOST = "$(BUILT_PRODUCTS_DIR)/Xylophone.app/$(BUNDLE_EXECUTABLE_FOLDER_PATH)/Xylophone";
			};
			name = Debug;
		};
		D4528CCE2A8F9E5A00437233 /* Release */ = {
			isa = XCBuildConfiguration;
			buildSettings = {
				ALWAYS_EMBED_SWIFT_STANDARD_LIBRARIES = YES;
				BUNDLE_LOADER = "$(TEST_HOST)";
				CODE_SIGN_STYLE = Automatic;
				CURRENT_PROJECT_VERSION = 1;
				DEVELOPMENT_TEAM = 6AYX5BQ6J5;
				GENERATE_INFOPLIST_FILE = YES;
				IPHONEOS_DEPLOYMENT_TARGET = 16.4;
				MARKETING_VERSION = 1.0;
				PRODUCT_BUNDLE_IDENTIFIER = com.melomanya.XylophoneTests;
				PRODUCT_NAME = "$(TARGET_NAME)";
				SWIFT_EMIT_LOC_STRINGS = NO;
				SWIFT_VERSION = 5.0;
				TARGETED_DEVICE_FAMILY = "1,2";
				TEST_HOST = "$(BUILT_PRODUCTS_DIR)/Xylophone.app/$(BUNDLE_EXECUTABLE_FOLDER_PATH)/Xylophone";
			};
			name = Release;
		};
		D4528CD02A8F9E5A00437233 /* Debug */ = {
			isa = XCBuildConfiguration;
			buildSettings = {
				ALWAYS_EMBED_SWIFT_STANDARD_LIBRARIES = YES;
				CODE_SIGN_STYLE = Automatic;
				CURRENT_PROJECT_VERSION = 1;
				DEVELOPMENT_TEAM = 6AYX5BQ6J5;
				GENERATE_INFOPLIST_FILE = YES;
				MARKETING_VERSION = 1.0;
				PRODUCT_BUNDLE_IDENTIFIER = com.melomanya.XylophoneUITests;
				PRODUCT_NAME = "$(TARGET_NAME)";
				SWIFT_EMIT_LOC_STRINGS = NO;
				SWIFT_VERSION = 5.0;
				TARGETED_DEVICE_FAMILY = "1,2";
				TEST_TARGET_NAME = Xylophone;
			};
			name = Debug;
		};
		D4528CD12A8F9E5A00437233 /* Release */ = {
			isa = XCBuildConfiguration;
			buildSettings = {
				ALWAYS_EMBED_SWIFT_STANDARD_LIBRARIES = YES;
				CODE_SIGN_STYLE = Automatic;
				CURRENT_PROJECT_VERSION = 1;
				DEVELOPMENT_TEAM = 6AYX5BQ6J5;
				GENERATE_INFOPLIST_FILE = YES;
				MARKETING_VERSION = 1.0;
				PRODUCT_BUNDLE_IDENTIFIER = com.melomanya.XylophoneUITests;
				PRODUCT_NAME = "$(TARGET_NAME)";
				SWIFT_EMIT_LOC_STRINGS = NO;
				SWIFT_VERSION = 5.0;
				TARGETED_DEVICE_FAMILY = "1,2";
				TEST_TARGET_NAME = Xylophone;
			};
			name = Release;
		};
/* End XCBuildConfiguration section */

/* Begin XCConfigurationList section */
		D4528C9A2A8F9E5900437233 /* Build configuration list for PBXProject "Xylophone" */ = {
			isa = XCConfigurationList;
			buildConfigurations = (
				D4528CC72A8F9E5A00437233 /* Debug */,
				D4528CC82A8F9E5A00437233 /* Release */,
			);
			defaultConfigurationIsVisible = 0;
			defaultConfigurationName = Release;
		};
		D4528CC92A8F9E5A00437233 /* Build configuration list for PBXNativeTarget "Xylophone" */ = {
			isa = XCConfigurationList;
			buildConfigurations = (
				D4528CCA2A8F9E5A00437233 /* Debug */,
				D4528CCB2A8F9E5A00437233 /* Release */,
			);
			defaultConfigurationIsVisible = 0;
			defaultConfigurationName = Release;
		};
		D4528CCC2A8F9E5A00437233 /* Build configuration list for PBXNativeTarget "XylophoneTests" */ = {
			isa = XCConfigurationList;
			buildConfigurations = (
				D4528CCD2A8F9E5A00437233 /* Debug */,
				D4528CCE2A8F9E5A00437233 /* Release */,
			);
			defaultConfigurationIsVisible = 0;
			defaultConfigurationName = Release;
		};
		D4528CCF2A8F9E5A00437233 /* Build configuration list for PBXNativeTarget "XylophoneUITests" */ = {
			isa = XCConfigurationList;
			buildConfigurations = (
				D4528CD02A8F9E5A00437233 /* Debug */,
				D4528CD12A8F9E5A00437233 /* Release */,
			);
			defaultConfigurationIsVisible = 0;
			defaultConfigurationName = Release;
		};
/* End XCConfigurationList section */
	};
	rootObject = D4528C972A8F9E5900437233 /* Project object */;
}
