// !$*UTF8*$!
{
	archiveVersion = 1;
	classes = {
	};
	objectVersion = 56;
	objects = {

/* Begin PBXBuildFile section */
		D4397F4D2A97EF8F00340CDC /* StoryTeller.swift in Sources */ = {isa = PBXBuildFile; fileRef = D4397F4C2A97EF8F00340CDC /* StoryTeller.swift */; };
		D4B61E952A97E92A00088E69 /* AppDelegate.swift in Sources */ = {isa = PBXBuildFile; fileRef = D4B61E942A97E92A00088E69 /* AppDelegate.swift */; };
		D4B61E972A97E92A00088E69 /* SceneDelegate.swift in Sources */ = {isa = PBXBuildFile; fileRef = D4B61E962A97E92A00088E69 /* SceneDelegate.swift */; };
		D4B61E992A97E92A00088E69 /* ViewController.swift in Sources */ = {isa = PBXBuildFile; fileRef = D4B61E982A97E92A00088E69 /* ViewController.swift */; };
		D4B61E9C2A97E92A00088E69 /* Main.storyboard in Resources */ = {isa = PBXBuildFile; fileRef = D4B61E9A2A97E92A00088E69 /* Main.storyboard */; };
		D4B61E9E2A97E92A00088E69 /* Assets.xcassets in Resources */ = {isa = PBXBuildFile; fileRef = D4B61E9D2A97E92A00088E69 /* Assets.xcassets */; };
		D4B61EA12A97E92A00088E69 /* LaunchScreen.storyboard in Resources */ = {isa = PBXBuildFile; fileRef = D4B61E9F2A97E92A00088E69 /* LaunchScreen.storyboard */; };
		D4B61EAA2A97EBF400088E69 /* Story.swift in Sources */ = {isa = PBXBuildFile; fileRef = D4B61EA92A97EBF400088E69 /* Story.swift */; };
/* End PBXBuildFile section */

/* Begin PBXFileReference section */
		D4397F4C2A97EF8F00340CDC /* StoryTeller.swift */ = {isa = PBXFileReference; lastKnownFileType = sourcecode.swift; path = StoryTeller.swift; sourceTree = "<group>"; };
		D4B61E912A97E92A00088E69 /* StoryGame.app */ = {isa = PBXFileReference; explicitFileType = wrapper.application; includeInIndex = 0; path = StoryGame.app; sourceTree = BUILT_PRODUCTS_DIR; };
		D4B61E942A97E92A00088E69 /* AppDelegate.swift */ = {isa = PBXFileReference; lastKnownFileType = sourcecode.swift; path = AppDelegate.swift; sourceTree = "<group>"; };
		D4B61E962A97E92A00088E69 /* SceneDelegate.swift */ = {isa = PBXFileReference; lastKnownFileType = sourcecode.swift; path = SceneDelegate.swift; sourceTree = "<group>"; };
		D4B61E982A97E92A00088E69 /* ViewController.swift */ = {isa = PBXFileReference; lastKnownFileType = sourcecode.swift; path = ViewController.swift; sourceTree = "<group>"; };
		D4B61E9B2A97E92A00088E69 /* Base */ = {isa = PBXFileReference; lastKnownFileType = file.storyboard; name = Base; path = Base.lproj/Main.storyboard; sourceTree = "<group>"; };
		D4B61E9D2A97E92A00088E69 /* Assets.xcassets */ = {isa = PBXFileReference; lastKnownFileType = folder.assetcatalog; path = Assets.xcassets; sourceTree = "<group>"; };
		D4B61EA02A97E92A00088E69 /* Base */ = {isa = PBXFileReference; lastKnownFileType = file.storyboard; name = Base; path = Base.lproj/LaunchScreen.storyboard; sourceTree = "<group>"; };
		D4B61EA22A97E92A00088E69 /* Info.plist */ = {isa = PBXFileReference; lastKnownFileType = text.plist.xml; path = Info.plist; sourceTree = "<group>"; };
		D4B61EA92A97EBF400088E69 /* Story.swift */ = {isa = PBXFileReference; lastKnownFileType = sourcecode.swift; path = Story.swift; sourceTree = "<group>"; };
/* End PBXFileReference section */

/* Begin PBXFrameworksBuildPhase section */
		D4B61E8E2A97E92A00088E69 /* Frameworks */ = {
			isa = PBXFrameworksBuildPhase;
			buildActionMask = 2147483647;
			files = (
			);
			runOnlyForDeploymentPostprocessing = 0;
		};
/* End PBXFrameworksBuildPhase section */

/* Begin PBXGroup section */
		D4B61E882A97E92A00088E69 = {
			isa = PBXGroup;
			children = (
				D4B61E932A97E92A00088E69 /* StoryGame */,
				D4B61E922A97E92A00088E69 /* Products */,
			);
			sourceTree = "<group>";
		};
		D4B61E922A97E92A00088E69 /* Products */ = {
			isa = PBXGroup;
			children = (
				D4B61E912A97E92A00088E69 /* StoryGame.app */,
			);
			name = Products;
			sourceTree = "<group>";
		};
		D4B61E932A97E92A00088E69 /* StoryGame */ = {
			isa = PBXGroup;
			children = (
				D4B61EAC2A97EC8800088E69 /* View */,
				D4B61EA82A97EBE000088E69 /* Model */,
				D4B61E942A97E92A00088E69 /* AppDelegate.swift */,
				D4B61E962A97E92A00088E69 /* SceneDelegate.swift */,
				D4B61EAB2A97EC7400088E69 /* Controller */,
				D4B61E9D2A97E92A00088E69 /* Assets.xcassets */,
				D4B61E9F2A97E92A00088E69 /* LaunchScreen.storyboard */,
				D4B61EA22A97E92A00088E69 /* Info.plist */,
			);
			path = StoryGame;
			sourceTree = "<group>";
		};
		D4B61EA82A97EBE000088E69 /* Model */ = {
			isa = PBXGroup;
			children = (
				D4B61EA92A97EBF400088E69 /* Story.swift */,
				D4397F4C2A97EF8F00340CDC /* StoryTeller.swift */,
			);
			name = Model;
			path = /Users/melih/Desktop/swift/StudySwiftIOS/StoryGame/StoryGame/Model;
			sourceTree = "<absolute>";
		};
		D4B61EAB2A97EC7400088E69 /* Controller */ = {
			isa = PBXGroup;
			children = (
				D4B61E982A97E92A00088E69 /* ViewController.swift */,
			);
			name = Controller;
			path = /Users/melih/Desktop/swift/StudySwiftIOS/StoryGame/StoryGame/Controller;
			sourceTree = "<absolute>";
		};
		D4B61EAC2A97EC8800088E69 /* View */ = {
			isa = PBXGroup;
			children = (
				D4B61E9A2A97E92A00088E69 /* Main.storyboard */,
			);
			name = View;
			path = /Users/melih/Desktop/swift/StudySwiftIOS/StoryGame/StoryGame/View;
			sourceTree = "<absolute>";
		};
/* End PBXGroup section */

/* Begin PBXNativeTarget section */
		D4B61E902A97E92A00088E69 /* StoryGame */ = {
			isa = PBXNativeTarget;
			buildConfigurationList = D4B61EA52A97E92A00088E69 /* Build configuration list for PBXNativeTarget "StoryGame" */;
			buildPhases = (
				D4B61E8D2A97E92A00088E69 /* Sources */,
				D4B61E8E2A97E92A00088E69 /* Frameworks */,
				D4B61E8F2A97E92A00088E69 /* Resources */,
			);
			buildRules = (
			);
			dependencies = (
			);
			name = StoryGame;
			productName = StoryGame;
			productReference = D4B61E912A97E92A00088E69 /* StoryGame.app */;
			productType = "com.apple.product-type.application";
		};
/* End PBXNativeTarget section */

/* Begin PBXProject section */
		D4B61E892A97E92A00088E69 /* Project object */ = {
			isa = PBXProject;
			attributes = {
				BuildIndependentTargetsInParallel = 1;
				LastSwiftUpdateCheck = 1430;
				LastUpgradeCheck = 1430;
				TargetAttributes = {
					D4B61E902A97E92A00088E69 = {
						CreatedOnToolsVersion = 14.3.1;
					};
				};
			};
			buildConfigurationList = D4B61E8C2A97E92A00088E69 /* Build configuration list for PBXProject "StoryGame" */;
			compatibilityVersion = "Xcode 14.0";
			developmentRegion = en;
			hasScannedForEncodings = 0;
			knownRegions = (
				en,
				Base,
			);
			mainGroup = D4B61E882A97E92A00088E69;
			productRefGroup = D4B61E922A97E92A00088E69 /* Products */;
			projectDirPath = "";
			projectRoot = "";
			targets = (
				D4B61E902A97E92A00088E69 /* StoryGame */,
			);
		};
/* End PBXProject section */

/* Begin PBXResourcesBuildPhase section */
		D4B61E8F2A97E92A00088E69 /* Resources */ = {
			isa = PBXResourcesBuildPhase;
			buildActionMask = 2147483647;
			files = (
				D4B61EA12A97E92A00088E69 /* LaunchScreen.storyboard in Resources */,
				D4B61E9E2A97E92A00088E69 /* Assets.xcassets in Resources */,
				D4B61E9C2A97E92A00088E69 /* Main.storyboard in Resources */,
			);
			runOnlyForDeploymentPostprocessing = 0;
		};
/* End PBXResourcesBuildPhase section */

/* Begin PBXSourcesBuildPhase section */
		D4B61E8D2A97E92A00088E69 /* Sources */ = {
			isa = PBXSourcesBuildPhase;
			buildActionMask = 2147483647;
			files = (
				D4B61E992A97E92A00088E69 /* ViewController.swift in Sources */,
				D4397F4D2A97EF8F00340CDC /* StoryTeller.swift in Sources */,
				D4B61E952A97E92A00088E69 /* AppDelegate.swift in Sources */,
				D4B61E972A97E92A00088E69 /* SceneDelegate.swift in Sources */,
				D4B61EAA2A97EBF400088E69 /* Story.swift in Sources */,
			);
			runOnlyForDeploymentPostprocessing = 0;
		};
/* End PBXSourcesBuildPhase section */

/* Begin PBXVariantGroup section */
		D4B61E9A2A97E92A00088E69 /* Main.storyboard */ = {
			isa = PBXVariantGroup;
			children = (
				D4B61E9B2A97E92A00088E69 /* Base */,
			);
			name = Main.storyboard;
			sourceTree = "<group>";
		};
		D4B61E9F2A97E92A00088E69 /* LaunchScreen.storyboard */ = {
			isa = PBXVariantGroup;
			children = (
				D4B61EA02A97E92A00088E69 /* Base */,
			);
			name = LaunchScreen.storyboard;
			sourceTree = "<group>";
		};
/* End PBXVariantGroup section */

/* Begin XCBuildConfiguration section */
		D4B61EA32A97E92A00088E69 /* Debug */ = {
			isa = XCBuildConfiguration;
			buildSettings = {
				ALWAYS_SEARCH_USER_PATHS = NO;
				CLANG_ANALYZER_NONNULL = YES;
				CLANG_ANALYZER_NUMBER_OBJECT_CONVERSION = YES_AGGRESSIVE;
				CLANG_CXX_LANGUAGE_STANDARD = "gnu++20";
				CLANG_ENABLE_MODULES = YES;
				CLANG_ENABLE_OBJC_ARC = YES;
				CLANG_ENABLE_OBJC_WEAK = YES;
				CLANG_WARN_BLOCK_CAPTURE_AUTORELEASING = YES;
				CLANG_WARN_BOOL_CONVERSION = YES;
				CLANG_WARN_COMMA = YES;
				CLANG_WARN_CONSTANT_CONVERSION = YES;
				CLANG_WARN_DEPRECATED_OBJC_IMPLEMENTATIONS = YES;
				CLANG_WARN_DIRECT_OBJC_ISA_USAGE = YES_ERROR;
				CLANG_WARN_DOCUMENTATION_COMMENTS = YES;
				CLANG_WARN_EMPTY_BODY = YES;
				CLANG_WARN_ENUM_CONVERSION = YES;
				CLANG_WARN_INFINITE_RECURSION = YES;
				CLANG_WARN_INT_CONVERSION = YES;
				CLANG_WARN_NON_LITERAL_NULL_CONVERSION = YES;
				CLANG_WARN_OBJC_IMPLICIT_RETAIN_SELF = YES;
				CLANG_WARN_OBJC_LITERAL_CONVERSION = YES;
				CLANG_WARN_OBJC_ROOT_CLASS = YES_ERROR;
				CLANG_WARN_QUOTED_INCLUDE_IN_FRAMEWORK_HEADER = YES;
				CLANG_WARN_RANGE_LOOP_ANALYSIS = YES;
				CLANG_WARN_STRICT_PROTOTYPES = YES;
				CLANG_WARN_SUSPICIOUS_MOVE = YES;
				CLANG_WARN_UNGUARDED_AVAILABILITY = YES_AGGRESSIVE;
				CLANG_WARN_UNREACHABLE_CODE = YES;
				CLANG_WARN__DUPLICATE_METHOD_MATCH = YES;
				COPY_PHASE_STRIP = NO;
				DEBUG_INFORMATION_FORMAT = dwarf;
				ENABLE_STRICT_OBJC_MSGSEND = YES;
				ENABLE_TESTABILITY = YES;
				GCC_C_LANGUAGE_STANDARD = gnu11;
				GCC_DYNAMIC_NO_PIC = NO;
				GCC_NO_COMMON_BLOCKS = YES;
				GCC_OPTIMIZATION_LEVEL = 0;
				GCC_PREPROCESSOR_DEFINITIONS = (
					"DEBUG=1",
					"$(inherited)",
				);
				GCC_WARN_64_TO_32_BIT_CONVERSION = YES;
				GCC_WARN_ABOUT_RETURN_TYPE = YES_ERROR;
				GCC_WARN_UNDECLARED_SELECTOR = YES;
				GCC_WARN_UNINITIALIZED_AUTOS = YES_AGGRESSIVE;
				GCC_WARN_UNUSED_FUNCTION = YES;
				GCC_WARN_UNUSED_VARIABLE = YES;
				IPHONEOS_DEPLOYMENT_TARGET = 16.4;
				MTL_ENABLE_DEBUG_INFO = INCLUDE_SOURCE;
				MTL_FAST_MATH = YES;
				ONLY_ACTIVE_ARCH = YES;
				SDKROOT = iphoneos;
				SWIFT_ACTIVE_COMPILATION_CONDITIONS = DEBUG;
				SWIFT_OPTIMIZATION_LEVEL = "-Onone";
			};
			name = Debug;
		};
		D4B61EA42A97E92A00088E69 /* Release */ = {
			isa = XCBuildConfiguration;
			buildSettings = {
				ALWAYS_SEARCH_USER_PATHS = NO;
				CLANG_ANALYZER_NONNULL = YES;
				CLANG_ANALYZER_NUMBER_OBJECT_CONVERSION = YES_AGGRESSIVE;
				CLANG_CXX_LANGUAGE_STANDARD = "gnu++20";
				CLANG_ENABLE_MODULES = YES;
				CLANG_ENABLE_OBJC_ARC = YES;
				CLANG_ENABLE_OBJC_WEAK = YES;
				CLANG_WARN_BLOCK_CAPTURE_AUTORELEASING = YES;
				CLANG_WARN_BOOL_CONVERSION = YES;
				CLANG_WARN_COMMA = YES;
				CLANG_WARN_CONSTANT_CONVERSION = YES;
				CLANG_WARN_DEPRECATED_OBJC_IMPLEMENTATIONS = YES;
				CLANG_WARN_DIRECT_OBJC_ISA_USAGE = YES_ERROR;
				CLANG_WARN_DOCUMENTATION_COMMENTS = YES;
				CLANG_WARN_EMPTY_BODY = YES;
				CLANG_WARN_ENUM_CONVERSION = YES;
				CLANG_WARN_INFINITE_RECURSION = YES;
				CLANG_WARN_INT_CONVERSION = YES;
				CLANG_WARN_NON_LITERAL_NULL_CONVERSION = YES;
				CLANG_WARN_OBJC_IMPLICIT_RETAIN_SELF = YES;
				CLANG_WARN_OBJC_LITERAL_CONVERSION = YES;
				CLANG_WARN_OBJC_ROOT_CLASS = YES_ERROR;
				CLANG_WARN_QUOTED_INCLUDE_IN_FRAMEWORK_HEADER = YES;
				CLANG_WARN_RANGE_LOOP_ANALYSIS = YES;
				CLANG_WARN_STRICT_PROTOTYPES = YES;
				CLANG_WARN_SUSPICIOUS_MOVE = YES;
				CLANG_WARN_UNGUARDED_AVAILABILITY = YES_AGGRESSIVE;
				CLANG_WARN_UNREACHABLE_CODE = YES;
				CLANG_WARN__DUPLICATE_METHOD_MATCH = YES;
				COPY_PHASE_STRIP = NO;
				DEBUG_INFORMATION_FORMAT = "dwarf-with-dsym";
				ENABLE_NS_ASSERTIONS = NO;
				ENABLE_STRICT_OBJC_MSGSEND = YES;
				GCC_C_LANGUAGE_STANDARD = gnu11;
				GCC_NO_COMMON_BLOCKS = YES;
				GCC_WARN_64_TO_32_BIT_CONVERSION = YES;
				GCC_WARN_ABOUT_RETURN_TYPE = YES_ERROR;
				GCC_WARN_UNDECLARED_SELECTOR = YES;
				GCC_WARN_UNINITIALIZED_AUTOS = YES_AGGRESSIVE;
				GCC_WARN_UNUSED_FUNCTION = YES;
				GCC_WARN_UNUSED_VARIABLE = YES;
				IPHONEOS_DEPLOYMENT_TARGET = 16.4;
				MTL_ENABLE_DEBUG_INFO = NO;
				MTL_FAST_MATH = YES;
				SDKROOT = iphoneos;
				SWIFT_COMPILATION_MODE = wholemodule;
				SWIFT_OPTIMIZATION_LEVEL = "-O";
				VALIDATE_PRODUCT = YES;
			};
			name = Release;
		};
		D4B61EA62A97E92A00088E69 /* Debug */ = {
			isa = XCBuildConfiguration;
			buildSettings = {
				ASSETCATALOG_COMPILER_APPICON_NAME = AppIcon;
				ASSETCATALOG_COMPILER_GLOBAL_ACCENT_COLOR_NAME = AccentColor;
				CODE_SIGN_STYLE = Automatic;
				CURRENT_PROJECT_VERSION = 1;
				DEVELOPMENT_TEAM = 6AYX5BQ6J5;
				GENERATE_INFOPLIST_FILE = YES;
				INFOPLIST_FILE = StoryGame/Info.plist;
				INFOPLIST_KEY_UIApplicationSupportsIndirectInputEvents = YES;
				INFOPLIST_KEY_UILaunchStoryboardName = LaunchScreen;
				INFOPLIST_KEY_UIMainStoryboardFile = Main;
				INFOPLIST_KEY_UISupportedInterfaceOrientations_iPad = "UIInterfaceOrientationPortrait UIInterfaceOrientationPortraitUpsideDown UIInterfaceOrientationLandscapeLeft UIInterfaceOrientationLandscapeRight";
				INFOPLIST_KEY_UISupportedInterfaceOrientations_iPhone = "UIInterfaceOrientationPortrait UIInterfaceOrientationLandscapeLeft UIInterfaceOrientationLandscapeRight";
				LD_RUNPATH_SEARCH_PATHS = (
					"$(inherited)",
					"@executable_path/Frameworks",
				);
				MARKETING_VERSION = 1.0;
				PRODUCT_BUNDLE_IDENTIFIER = com.melomanya.StoryGame;
				PRODUCT_NAME = "$(TARGET_NAME)";
				SWIFT_EMIT_LOC_STRINGS = YES;
				SWIFT_VERSION = 5.0;
				TARGETED_DEVICE_FAMILY = "1,2";
			};
			name = Debug;
		};
		D4B61EA72A97E92A00088E69 /* Release */ = {
			isa = XCBuildConfiguration;
			buildSettings = {
				ASSETCATALOG_COMPILER_APPICON_NAME = AppIcon;
				ASSETCATALOG_COMPILER_GLOBAL_ACCENT_COLOR_NAME = AccentColor;
				CODE_SIGN_STYLE = Automatic;
				CURRENT_PROJECT_VERSION = 1;
				DEVELOPMENT_TEAM = 6AYX5BQ6J5;
				GENERATE_INFOPLIST_FILE = YES;
				INFOPLIST_FILE = StoryGame/Info.plist;
				INFOPLIST_KEY_UIApplicationSupportsIndirectInputEvents = YES;
				INFOPLIST_KEY_UILaunchStoryboardName = LaunchScreen;
				INFOPLIST_KEY_UIMainStoryboardFile = Main;
				INFOPLIST_KEY_UISupportedInterfaceOrientations_iPad = "UIInterfaceOrientationPortrait UIInterfaceOrientationPortraitUpsideDown UIInterfaceOrientationLandscapeLeft UIInterfaceOrientationLandscapeRight";
				INFOPLIST_KEY_UISupportedInterfaceOrientations_iPhone = "UIInterfaceOrientationPortrait UIInterfaceOrientationLandscapeLeft UIInterfaceOrientationLandscapeRight";
				LD_RUNPATH_SEARCH_PATHS = (
					"$(inherited)",
					"@executable_path/Frameworks",
				);
				MARKETING_VERSION = 1.0;
				PRODUCT_BUNDLE_IDENTIFIER = com.melomanya.StoryGame;
				PRODUCT_NAME = "$(TARGET_NAME)";
				SWIFT_EMIT_LOC_STRINGS = YES;
				SWIFT_VERSION = 5.0;
				TARGETED_DEVICE_FAMILY = "1,2";
			};
			name = Release;
		};
/* End XCBuildConfiguration section */

/* Begin XCConfigurationList section */
		D4B61E8C2A97E92A00088E69 /* Build configuration list for PBXProject "StoryGame" */ = {
			isa = XCConfigurationList;
			buildConfigurations = (
				D4B61EA32A97E92A00088E69 /* Debug */,
				D4B61EA42A97E92A00088E69 /* Release */,
			);
			defaultConfigurationIsVisible = 0;
			defaultConfigurationName = Release;
		};
		D4B61EA52A97E92A00088E69 /* Build configuration list for PBXNativeTarget "StoryGame" */ = {
			isa = XCConfigurationList;
			buildConfigurations = (
				D4B61EA62A97E92A00088E69 /* Debug */,
				D4B61EA72A97E92A00088E69 /* Release */,
			);
			defaultConfigurationIsVisible = 0;
			defaultConfigurationName = Release;
		};
/* End XCConfigurationList section */
	};
	rootObject = D4B61E892A97E92A00088E69 /* Project object */;
}
