// !$*UTF8*$!
{
	archiveVersion = 1;
	classes = {
	};
	objectVersion = 56;
	objects = {

/* Begin PBXBuildFile section */
		D43A4F6C2A90FC0A00D92663 /* alarm_sound.mp3 in Resources */ = {isa = PBXBuildFile; fileRef = D43A4F6B2A90FC0A00D92663 /* alarm_sound.mp3 */; };
		D43AF3FE2A90CD1100D47002 /* AppDelegate.swift in Sources */ = {isa = PBXBuildFile; fileRef = D43AF3FD2A90CD1100D47002 /* AppDelegate.swift */; };
		D43AF4002A90CD1100D47002 /* SceneDelegate.swift in Sources */ = {isa = PBXBuildFile; fileRef = D43AF3FF2A90CD1100D47002 /* SceneDelegate.swift */; };
		D43AF4022A90CD1100D47002 /* ViewController.swift in Sources */ = {isa = PBXBuildFile; fileRef = D43AF4012A90CD1100D47002 /* ViewController.swift */; };
		D43AF4052A90CD1100D47002 /* Main.storyboard in Resources */ = {isa = PBXBuildFile; fileRef = D43AF4032A90CD1100D47002 /* Main.storyboard */; };
		D43AF4072A90CD1100D47002 /* Assets.xcassets in Resources */ = {isa = PBXBuildFile; fileRef = D43AF4062A90CD1100D47002 /* Assets.xcassets */; };
		D43AF40A2A90CD1100D47002 /* LaunchScreen.storyboard in Resources */ = {isa = PBXBuildFile; fileRef = D43AF4082A90CD1100D47002 /* LaunchScreen.storyboard */; };
		D43AF4152A90CD1100D47002 /* EggTimerTests.swift in Sources */ = {isa = PBXBuildFile; fileRef = D43AF4142A90CD1100D47002 /* EggTimerTests.swift */; };
		D43AF41F2A90CD1100D47002 /* EggTimerUITests.swift in Sources */ = {isa = PBXBuildFile; fileRef = D43AF41E2A90CD1100D47002 /* EggTimerUITests.swift */; };
		D43AF4212A90CD1100D47002 /* EggTimerUITestsLaunchTests.swift in Sources */ = {isa = PBXBuildFile; fileRef = D43AF4202A90CD1100D47002 /* EggTimerUITestsLaunchTests.swift */; };
/* End PBXBuildFile section */

/* Begin PBXContainerItemProxy section */
		D43AF4112A90CD1100D47002 /* PBXContainerItemProxy */ = {
			isa = PBXContainerItemProxy;
			containerPortal = D43AF3F22A90CD1100D47002 /* Project object */;
			proxyType = 1;
			remoteGlobalIDString = D43AF3F92A90CD1100D47002;
			remoteInfo = EggTimer;
		};
		D43AF41B2A90CD1100D47002 /* PBXContainerItemProxy */ = {
			isa = PBXContainerItemProxy;
			containerPortal = D43AF3F22A90CD1100D47002 /* Project object */;
			proxyType = 1;
			remoteGlobalIDString = D43AF3F92A90CD1100D47002;
			remoteInfo = EggTimer;
		};
/* End PBXContainerItemProxy section */

/* Begin PBXFileReference section */
		D43A4F6B2A90FC0A00D92663 /* alarm_sound.mp3 */ = {isa = PBXFileReference; lastKnownFileType = audio.mp3; name = alarm_sound.mp3; path = "../../../../../Downloads/EggTimer-iOS13-master/EggTimer/alarm_sound.mp3"; sourceTree = "<group>"; };
		D43AF3FA2A90CD1100D47002 /* EggTimer.app */ = {isa = PBXFileReference; explicitFileType = wrapper.application; includeInIndex = 0; path = EggTimer.app; sourceTree = BUILT_PRODUCTS_DIR; };
		D43AF3FD2A90CD1100D47002 /* AppDelegate.swift */ = {isa = PBXFileReference; lastKnownFileType = sourcecode.swift; path = AppDelegate.swift; sourceTree = "<group>"; };
		D43AF3FF2A90CD1100D47002 /* SceneDelegate.swift */ = {isa = PBXFileReference; lastKnownFileType = sourcecode.swift; path = SceneDelegate.swift; sourceTree = "<group>"; };
		D43AF4012A90CD1100D47002 /* ViewController.swift */ = {isa = PBXFileReference; lastKnownFileType = sourcecode.swift; path = ViewController.swift; sourceTree = "<group>"; };
		D43AF4042A90CD1100D47002 /* Base */ = {isa = PBXFileReference; lastKnownFileType = file.storyboard; name = Base; path = Base.lproj/Main.storyboard; sourceTree = "<group>"; };
		D43AF4062A90CD1100D47002 /* Assets.xcassets */ = {isa = PBXFileReference; lastKnownFileType = folder.assetcatalog; path = Assets.xcassets; sourceTree = "<group>"; };
		D43AF4092A90CD1100D47002 /* Base */ = {isa = PBXFileReference; lastKnownFileType = file.storyboard; name = Base; path = Base.lproj/LaunchScreen.storyboard; sourceTree = "<group>"; };
		D43AF40B2A90CD1100D47002 /* Info.plist */ = {isa = PBXFileReference; lastKnownFileType = text.plist.xml; path = Info.plist; sourceTree = "<group>"; };
		D43AF4102A90CD1100D47002 /* EggTimerTests.xctest */ = {isa = PBXFileReference; explicitFileType = wrapper.cfbundle; includeInIndex = 0; path = EggTimerTests.xctest; sourceTree = BUILT_PRODUCTS_DIR; };
		D43AF4142A90CD1100D47002 /* EggTimerTests.swift */ = {isa = PBXFileReference; lastKnownFileType = sourcecode.swift; path = EggTimerTests.swift; sourceTree = "<group>"; };
		D43AF41A2A90CD1100D47002 /* EggTimerUITests.xctest */ = {isa = PBXFileReference; explicitFileType = wrapper.cfbundle; includeInIndex = 0; path = EggTimerUITests.xctest; sourceTree = BUILT_PRODUCTS_DIR; };
		D43AF41E2A90CD1100D47002 /* EggTimerUITests.swift */ = {isa = PBXFileReference; lastKnownFileType = sourcecode.swift; path = EggTimerUITests.swift; sourceTree = "<group>"; };
		D43AF4202A90CD1100D47002 /* EggTimerUITestsLaunchTests.swift */ = {isa = PBXFileReference; lastKnownFileType = sourcecode.swift; path = EggTimerUITestsLaunchTests.swift; sourceTree = "<group>"; };
/* End PBXFileReference section */

/* Begin PBXFrameworksBuildPhase section */
		D43AF3F72A90CD1100D47002 /* Frameworks */ = {
			isa = PBXFrameworksBuildPhase;
			buildActionMask = 2147483647;
			files = (
			);
			runOnlyForDeploymentPostprocessing = 0;
		};
		D43AF40D2A90CD1100D47002 /* Frameworks */ = {
			isa = PBXFrameworksBuildPhase;
			buildActionMask = 2147483647;
			files = (
			);
			runOnlyForDeploymentPostprocessing = 0;
		};
		D43AF4172A90CD1100D47002 /* Frameworks */ = {
			isa = PBXFrameworksBuildPhase;
			buildActionMask = 2147483647;
			files = (
			);
			runOnlyForDeploymentPostprocessing = 0;
		};
/* End PBXFrameworksBuildPhase section */

/* Begin PBXGroup section */
		D43AF3F12A90CD1100D47002 = {
			isa = PBXGroup;
			children = (
				D43AF3FC2A90CD1100D47002 /* EggTimer */,
				D43AF4132A90CD1100D47002 /* EggTimerTests */,
				D43AF41D2A90CD1100D47002 /* EggTimerUITests */,
				D43AF3FB2A90CD1100D47002 /* Products */,
			);
			sourceTree = "<group>";
		};
		D43AF3FB2A90CD1100D47002 /* Products */ = {
			isa = PBXGroup;
			children = (
				D43AF3FA2A90CD1100D47002 /* EggTimer.app */,
				D43AF4102A90CD1100D47002 /* EggTimerTests.xctest */,
				D43AF41A2A90CD1100D47002 /* EggTimerUITests.xctest */,
			);
			name = Products;
			sourceTree = "<group>";
		};
		D43AF3FC2A90CD1100D47002 /* EggTimer */ = {
			isa = PBXGroup;
			children = (
				D43A4F6B2A90FC0A00D92663 /* alarm_sound.mp3 */,
				D43AF3FD2A90CD1100D47002 /* AppDelegate.swift */,
				D43AF3FF2A90CD1100D47002 /* SceneDelegate.swift */,
				D43AF4012A90CD1100D47002 /* ViewController.swift */,
				D43AF4032A90CD1100D47002 /* Main.storyboard */,
				D43AF4062A90CD1100D47002 /* Assets.xcassets */,
				D43AF4082A90CD1100D47002 /* LaunchScreen.storyboard */,
				D43AF40B2A90CD1100D47002 /* Info.plist */,
			);
			path = EggTimer;
			sourceTree = "<group>";
		};
		D43AF4132A90CD1100D47002 /* EggTimerTests */ = {
			isa = PBXGroup;
			children = (
				D43AF4142A90CD1100D47002 /* EggTimerTests.swift */,
			);
			path = EggTimerTests;
			sourceTree = "<group>";
		};
		D43AF41D2A90CD1100D47002 /* EggTimerUITests */ = {
			isa = PBXGroup;
			children = (
				D43AF41E2A90CD1100D47002 /* EggTimerUITests.swift */,
				D43AF4202A90CD1100D47002 /* EggTimerUITestsLaunchTests.swift */,
			);
			path = EggTimerUITests;
			sourceTree = "<group>";
		};
/* End PBXGroup section */

/* Begin PBXNativeTarget section */
		D43AF3F92A90CD1100D47002 /* EggTimer */ = {
			isa = PBXNativeTarget;
			buildConfigurationList = D43AF4242A90CD1100D47002 /* Build configuration list for PBXNativeTarget "EggTimer" */;
			buildPhases = (
				D43AF3F62A90CD1100D47002 /* Sources */,
				D43AF3F72A90CD1100D47002 /* Frameworks */,
				D43AF3F82A90CD1100D47002 /* Resources */,
			);
			buildRules = (
			);
			dependencies = (
			);
			name = EggTimer;
			productName = EggTimer;
			productReference = D43AF3FA2A90CD1100D47002 /* EggTimer.app */;
			productType = "com.apple.product-type.application";
		};
		D43AF40F2A90CD1100D47002 /* EggTimerTests */ = {
			isa = PBXNativeTarget;
			buildConfigurationList = D43AF4272A90CD1100D47002 /* Build configuration list for PBXNativeTarget "EggTimerTests" */;
			buildPhases = (
				D43AF40C2A90CD1100D47002 /* Sources */,
				D43AF40D2A90CD1100D47002 /* Frameworks */,
				D43AF40E2A90CD1100D47002 /* Resources */,
			);
			buildRules = (
			);
			dependencies = (
				D43AF4122A90CD1100D47002 /* PBXTargetDependency */,
			);
			name = EggTimerTests;
			productName = EggTimerTests;
			productReference = D43AF4102A90CD1100D47002 /* EggTimerTests.xctest */;
			productType = "com.apple.product-type.bundle.unit-test";
		};
		D43AF4192A90CD1100D47002 /* EggTimerUITests */ = {
			isa = PBXNativeTarget;
			buildConfigurationList = D43AF42A2A90CD1100D47002 /* Build configuration list for PBXNativeTarget "EggTimerUITests" */;
			buildPhases = (
				D43AF4162A90CD1100D47002 /* Sources */,
				D43AF4172A90CD1100D47002 /* Frameworks */,
				D43AF4182A90CD1100D47002 /* Resources */,
			);
			buildRules = (
			);
			dependencies = (
				D43AF41C2A90CD1100D47002 /* PBXTargetDependency */,
			);
			name = EggTimerUITests;
			productName = EggTimerUITests;
			productReference = D43AF41A2A90CD1100D47002 /* EggTimerUITests.xctest */;
			productType = "com.apple.product-type.bundle.ui-testing";
		};
/* End PBXNativeTarget section */

/* Begin PBXProject section */
		D43AF3F22A90CD1100D47002 /* Project object */ = {
			isa = PBXProject;
			attributes = {
				BuildIndependentTargetsInParallel = 1;
				LastSwiftUpdateCheck = 1430;
				LastUpgradeCheck = 1430;
				TargetAttributes = {
					D43AF3F92A90CD1100D47002 = {
						CreatedOnToolsVersion = 14.3.1;
					};
					D43AF40F2A90CD1100D47002 = {
						CreatedOnToolsVersion = 14.3.1;
						TestTargetID = D43AF3F92A90CD1100D47002;
					};
					D43AF4192A90CD1100D47002 = {
						CreatedOnToolsVersion = 14.3.1;
						TestTargetID = D43AF3F92A90CD1100D47002;
					};
				};
			};
			buildConfigurationList = D43AF3F52A90CD1100D47002 /* Build configuration list for PBXProject "EggTimer" */;
			compatibilityVersion = "Xcode 14.0";
			developmentRegion = en;
			hasScannedForEncodings = 0;
			knownRegions = (
				en,
				Base,
			);
			mainGroup = D43AF3F12A90CD1100D47002;
			productRefGroup = D43AF3FB2A90CD1100D47002 /* Products */;
			projectDirPath = "";
			projectRoot = "";
			targets = (
				D43AF3F92A90CD1100D47002 /* EggTimer */,
				D43AF40F2A90CD1100D47002 /* EggTimerTests */,
				D43AF4192A90CD1100D47002 /* EggTimerUITests */,
			);
		};
/* End PBXProject section */

/* Begin PBXResourcesBuildPhase section */
		D43AF3F82A90CD1100D47002 /* Resources */ = {
			isa = PBXResourcesBuildPhase;
			buildActionMask = 2147483647;
			files = (
				D43AF40A2A90CD1100D47002 /* LaunchScreen.storyboard in Resources */,
				D43AF4072A90CD1100D47002 /* Assets.xcassets in Resources */,
				D43A4F6C2A90FC0A00D92663 /* alarm_sound.mp3 in Resources */,
				D43AF4052A90CD1100D47002 /* Main.storyboard in Resources */,
			);
			runOnlyForDeploymentPostprocessing = 0;
		};
		D43AF40E2A90CD1100D47002 /* Resources */ = {
			isa = PBXResourcesBuildPhase;
			buildActionMask = 2147483647;
			files = (
			);
			runOnlyForDeploymentPostprocessing = 0;
		};
		D43AF4182A90CD1100D47002 /* Resources */ = {
			isa = PBXResourcesBuildPhase;
			buildActionMask = 2147483647;
			files = (
			);
			runOnlyForDeploymentPostprocessing = 0;
		};
/* End PBXResourcesBuildPhase section */

/* Begin PBXSourcesBuildPhase section */
		D43AF3F62A90CD1100D47002 /* Sources */ = {
			isa = PBXSourcesBuildPhase;
			buildActionMask = 2147483647;
			files = (
				D43AF4022A90CD1100D47002 /* ViewController.swift in Sources */,
				D43AF3FE2A90CD1100D47002 /* AppDelegate.swift in Sources */,
				D43AF4002A90CD1100D47002 /* SceneDelegate.swift in Sources */,
			);
			runOnlyForDeploymentPostprocessing = 0;
		};
		D43AF40C2A90CD1100D47002 /* Sources */ = {
			isa = PBXSourcesBuildPhase;
			buildActionMask = 2147483647;
			files = (
				D43AF4152A90CD1100D47002 /* EggTimerTests.swift in Sources */,
			);
			runOnlyForDeploymentPostprocessing = 0;
		};
		D43AF4162A90CD1100D47002 /* Sources */ = {
			isa = PBXSourcesBuildPhase;
			buildActionMask = 2147483647;
			files = (
				D43AF4212A90CD1100D47002 /* EggTimerUITestsLaunchTests.swift in Sources */,
				D43AF41F2A90CD1100D47002 /* EggTimerUITests.swift in Sources */,
			);
			runOnlyForDeploymentPostprocessing = 0;
		};
/* End PBXSourcesBuildPhase section */

/* Begin PBXTargetDependency section */
		D43AF4122A90CD1100D47002 /* PBXTargetDependency */ = {
			isa = PBXTargetDependency;
			target = D43AF3F92A90CD1100D47002 /* EggTimer */;
			targetProxy = D43AF4112A90CD1100D47002 /* PBXContainerItemProxy */;
		};
		D43AF41C2A90CD1100D47002 /* PBXTargetDependency */ = {
			isa = PBXTargetDependency;
			target = D43AF3F92A90CD1100D47002 /* EggTimer */;
			targetProxy = D43AF41B2A90CD1100D47002 /* PBXContainerItemProxy */;
		};
/* End PBXTargetDependency section */

/* Begin PBXVariantGroup section */
		D43AF4032A90CD1100D47002 /* Main.storyboard */ = {
			isa = PBXVariantGroup;
			children = (
				D43AF4042A90CD1100D47002 /* Base */,
			);
			name = Main.storyboard;
			sourceTree = "<group>";
		};
		D43AF4082A90CD1100D47002 /* LaunchScreen.storyboard */ = {
			isa = PBXVariantGroup;
			children = (
				D43AF4092A90CD1100D47002 /* Base */,
			);
			name = LaunchScreen.storyboard;
			sourceTree = "<group>";
		};
/* End PBXVariantGroup section */

/* Begin XCBuildConfiguration section */
		D43AF4222A90CD1100D47002 /* Debug */ = {
			isa = XCBuildConfiguration;
			buildSettings = {
				ALWAYS_SEARCH_USER_PATHS = NO;
				CLANG_ANALYZER_NONNULL = YES;
				CLANG_ANALYZER_NUMBER_OBJECT_CONVERSION = YES_AGGRESSIVE;
				CLANG_CXX_LANGUAGE_STANDARD = "gnu++20";
				CLANG_ENABLE_MODULES = YES;
				CLANG_ENABLE_OBJC_ARC = YES;
				CLANG_ENABLE_OBJC_WEAK = YES;
				CLANG_WARN_BLOCK_CAPTURE_AUTORELEASING = YES;
				CLANG_WARN_BOOL_CONVERSION = YES;
				CLANG_WARN_COMMA = YES;
				CLANG_WARN_CONSTANT_CONVERSION = YES;
				CLANG_WARN_DEPRECATED_OBJC_IMPLEMENTATIONS = YES;
				CLANG_WARN_DIRECT_OBJC_ISA_USAGE = YES_ERROR;
				CLANG_WARN_DOCUMENTATION_COMMENTS = YES;
				CLANG_WARN_EMPTY_BODY = YES;
				CLANG_WARN_ENUM_CONVERSION = YES;
				CLANG_WARN_INFINITE_RECURSION = YES;
				CLANG_WARN_INT_CONVERSION = YES;
				CLANG_WARN_NON_LITERAL_NULL_CONVERSION = YES;
				CLANG_WARN_OBJC_IMPLICIT_RETAIN_SELF = YES;
				CLANG_WARN_OBJC_LITERAL_CONVERSION = YES;
				CLANG_WARN_OBJC_ROOT_CLASS = YES_ERROR;
				CLANG_WARN_QUOTED_INCLUDE_IN_FRAMEWORK_HEADER = YES;
				CLANG_WARN_RANGE_LOOP_ANALYSIS = YES;
				CLANG_WARN_STRICT_PROTOTYPES = YES;
				CLANG_WARN_SUSPICIOUS_MOVE = YES;
				CLANG_WARN_UNGUARDED_AVAILABILITY = YES_AGGRESSIVE;
				CLANG_WARN_UNREACHABLE_CODE = YES;
				CLANG_WARN__DUPLICATE_METHOD_MATCH = YES;
				COPY_PHASE_STRIP = NO;
				DEBUG_INFORMATION_FORMAT = dwarf;
				ENABLE_STRICT_OBJC_MSGSEND = YES;
				ENABLE_TESTABILITY = YES;
				GCC_C_LANGUAGE_STANDARD = gnu11;
				GCC_DYNAMIC_NO_PIC = NO;
				GCC_NO_COMMON_BLOCKS = YES;
				GCC_OPTIMIZATION_LEVEL = 0;
				GCC_PREPROCESSOR_DEFINITIONS = (
					"DEBUG=1",
					"$(inherited)",
				);
				GCC_WARN_64_TO_32_BIT_CONVERSION = YES;
				GCC_WARN_ABOUT_RETURN_TYPE = YES_ERROR;
				GCC_WARN_UNDECLARED_SELECTOR = YES;
				GCC_WARN_UNINITIALIZED_AUTOS = YES_AGGRESSIVE;
				GCC_WARN_UNUSED_FUNCTION = YES;
				GCC_WARN_UNUSED_VARIABLE = YES;
				IPHONEOS_DEPLOYMENT_TARGET = 16.4;
				MTL_ENABLE_DEBUG_INFO = INCLUDE_SOURCE;
				MTL_FAST_MATH = YES;
				ONLY_ACTIVE_ARCH = YES;
				SDKROOT = iphoneos;
				SWIFT_ACTIVE_COMPILATION_CONDITIONS = DEBUG;
				SWIFT_OPTIMIZATION_LEVEL = "-Onone";
			};
			name = Debug;
		};
		D43AF4232A90CD1100D47002 /* Release */ = {
			isa = XCBuildConfiguration;
			buildSettings = {
				ALWAYS_SEARCH_USER_PATHS = NO;
				CLANG_ANALYZER_NONNULL = YES;
				CLANG_ANALYZER_NUMBER_OBJECT_CONVERSION = YES_AGGRESSIVE;
				CLANG_CXX_LANGUAGE_STANDARD = "gnu++20";
				CLANG_ENABLE_MODULES = YES;
				CLANG_ENABLE_OBJC_ARC = YES;
				CLANG_ENABLE_OBJC_WEAK = YES;
				CLANG_WARN_BLOCK_CAPTURE_AUTORELEASING = YES;
				CLANG_WARN_BOOL_CONVERSION = YES;
				CLANG_WARN_COMMA = YES;
				CLANG_WARN_CONSTANT_CONVERSION = YES;
				CLANG_WARN_DEPRECATED_OBJC_IMPLEMENTATIONS = YES;
				CLANG_WARN_DIRECT_OBJC_ISA_USAGE = YES_ERROR;
				CLANG_WARN_DOCUMENTATION_COMMENTS = YES;
				CLANG_WARN_EMPTY_BODY = YES;
				CLANG_WARN_ENUM_CONVERSION = YES;
				CLANG_WARN_INFINITE_RECURSION = YES;
				CLANG_WARN_INT_CONVERSION = YES;
				CLANG_WARN_NON_LITERAL_NULL_CONVERSION = YES;
				CLANG_WARN_OBJC_IMPLICIT_RETAIN_SELF = YES;
				CLANG_WARN_OBJC_LITERAL_CONVERSION = YES;
				CLANG_WARN_OBJC_ROOT_CLASS = YES_ERROR;
				CLANG_WARN_QUOTED_INCLUDE_IN_FRAMEWORK_HEADER = YES;
				CLANG_WARN_RANGE_LOOP_ANALYSIS = YES;
				CLANG_WARN_STRICT_PROTOTYPES = YES;
				CLANG_WARN_SUSPICIOUS_MOVE = YES;
				CLANG_WARN_UNGUARDED_AVAILABILITY = YES_AGGRESSIVE;
				CLANG_WARN_UNREACHABLE_CODE = YES;
				CLANG_WARN__DUPLICATE_METHOD_MATCH = YES;
				COPY_PHASE_STRIP = NO;
				DEBUG_INFORMATION_FORMAT = "dwarf-with-dsym";
				ENABLE_NS_ASSERTIONS = NO;
				ENABLE_STRICT_OBJC_MSGSEND = YES;
				GCC_C_LANGUAGE_STANDARD = gnu11;
				GCC_NO_COMMON_BLOCKS = YES;
				GCC_WARN_64_TO_32_BIT_CONVERSION = YES;
				GCC_WARN_ABOUT_RETURN_TYPE = YES_ERROR;
				GCC_WARN_UNDECLARED_SELECTOR = YES;
				GCC_WARN_UNINITIALIZED_AUTOS = YES_AGGRESSIVE;
				GCC_WARN_UNUSED_FUNCTION = YES;
				GCC_WARN_UNUSED_VARIABLE = YES;
				IPHONEOS_DEPLOYMENT_TARGET = 16.4;
				MTL_ENABLE_DEBUG_INFO = NO;
				MTL_FAST_MATH = YES;
				SDKROOT = iphoneos;
				SWIFT_COMPILATION_MODE = wholemodule;
				SWIFT_OPTIMIZATION_LEVEL = "-O";
				VALIDATE_PRODUCT = YES;
			};
			name = Release;
		};
		D43AF4252A90CD1100D47002 /* Debug */ = {
			isa = XCBuildConfiguration;
			buildSettings = {
				ASSETCATALOG_COMPILER_APPICON_NAME = AppIcon;
				ASSETCATALOG_COMPILER_GLOBAL_ACCENT_COLOR_NAME = AccentColor;
				CODE_SIGN_STYLE = Automatic;
				CURRENT_PROJECT_VERSION = 1;
				DEVELOPMENT_TEAM = 6AYX5BQ6J5;
				GENERATE_INFOPLIST_FILE = YES;
				INFOPLIST_FILE = EggTimer/Info.plist;
				INFOPLIST_KEY_UIApplicationSupportsIndirectInputEvents = YES;
				INFOPLIST_KEY_UILaunchStoryboardName = LaunchScreen;
				INFOPLIST_KEY_UIMainStoryboardFile = Main;
				INFOPLIST_KEY_UISupportedInterfaceOrientations_iPad = "UIInterfaceOrientationPortrait UIInterfaceOrientationPortraitUpsideDown UIInterfaceOrientationLandscapeLeft UIInterfaceOrientationLandscapeRight";
				INFOPLIST_KEY_UISupportedInterfaceOrientations_iPhone = "UIInterfaceOrientationPortrait UIInterfaceOrientationLandscapeLeft UIInterfaceOrientationLandscapeRight";
				LD_RUNPATH_SEARCH_PATHS = (
					"$(inherited)",
					"@executable_path/Frameworks",
				);
				MARKETING_VERSION = 1.0;
				PRODUCT_BUNDLE_IDENTIFIER = com.melomanya.EggTimer;
				PRODUCT_NAME = "$(TARGET_NAME)";
				SWIFT_EMIT_LOC_STRINGS = YES;
				SWIFT_VERSION = 5.0;
				TARGETED_DEVICE_FAMILY = "1,2";
			};
			name = Debug;
		};
		D43AF4262A90CD1100D47002 /* Release */ = {
			isa = XCBuildConfiguration;
			buildSettings = {
				ASSETCATALOG_COMPILER_APPICON_NAME = AppIcon;
				ASSETCATALOG_COMPILER_GLOBAL_ACCENT_COLOR_NAME = AccentColor;
				CODE_SIGN_STYLE = Automatic;
				CURRENT_PROJECT_VERSION = 1;
				DEVELOPMENT_TEAM = 6AYX5BQ6J5;
				GENERATE_INFOPLIST_FILE = YES;
				INFOPLIST_FILE = EggTimer/Info.plist;
				INFOPLIST_KEY_UIApplicationSupportsIndirectInputEvents = YES;
				INFOPLIST_KEY_UILaunchStoryboardName = LaunchScreen;
				INFOPLIST_KEY_UIMainStoryboardFile = Main;
				INFOPLIST_KEY_UISupportedInterfaceOrientations_iPad = "UIInterfaceOrientationPortrait UIInterfaceOrientationPortraitUpsideDown UIInterfaceOrientationLandscapeLeft UIInterfaceOrientationLandscapeRight";
				INFOPLIST_KEY_UISupportedInterfaceOrientations_iPhone = "UIInterfaceOrientationPortrait UIInterfaceOrientationLandscapeLeft UIInterfaceOrientationLandscapeRight";
				LD_RUNPATH_SEARCH_PATHS = (
					"$(inherited)",
					"@executable_path/Frameworks",
				);
				MARKETING_VERSION = 1.0;
				PRODUCT_BUNDLE_IDENTIFIER = com.melomanya.EggTimer;
				PRODUCT_NAME = "$(TARGET_NAME)";
				SWIFT_EMIT_LOC_STRINGS = YES;
				SWIFT_VERSION = 5.0;
				TARGETED_DEVICE_FAMILY = "1,2";
			};
			name = Release;
		};
		D43AF4282A90CD1100D47002 /* Debug */ = {
			isa = XCBuildConfiguration;
			buildSettings = {
				ALWAYS_EMBED_SWIFT_STANDARD_LIBRARIES = YES;
				BUNDLE_LOADER = "$(TEST_HOST)";
				CODE_SIGN_STYLE = Automatic;
				CURRENT_PROJECT_VERSION = 1;
				DEVELOPMENT_TEAM = 6AYX5BQ6J5;
				GENERATE_INFOPLIST_FILE = YES;
				IPHONEOS_DEPLOYMENT_TARGET = 16.4;
				MARKETING_VERSION = 1.0;
				PRODUCT_BUNDLE_IDENTIFIER = com.melomanya.EggTimerTests;
				PRODUCT_NAME = "$(TARGET_NAME)";
				SWIFT_EMIT_LOC_STRINGS = NO;
				SWIFT_VERSION = 5.0;
				TARGETED_DEVICE_FAMILY = "1,2";
				TEST_HOST = "$(BUILT_PRODUCTS_DIR)/EggTimer.app/$(BUNDLE_EXECUTABLE_FOLDER_PATH)/EggTimer";
			};
			name = Debug;
		};
		D43AF4292A90CD1100D47002 /* Release */ = {
			isa = XCBuildConfiguration;
			buildSettings = {
				ALWAYS_EMBED_SWIFT_STANDARD_LIBRARIES = YES;
				BUNDLE_LOADER = "$(TEST_HOST)";
				CODE_SIGN_STYLE = Automatic;
				CURRENT_PROJECT_VERSION = 1;
				DEVELOPMENT_TEAM = 6AYX5BQ6J5;
				GENERATE_INFOPLIST_FILE = YES;
				IPHONEOS_DEPLOYMENT_TARGET = 16.4;
				MARKETING_VERSION = 1.0;
				PRODUCT_BUNDLE_IDENTIFIER = com.melomanya.EggTimerTests;
				PRODUCT_NAME = "$(TARGET_NAME)";
				SWIFT_EMIT_LOC_STRINGS = NO;
				SWIFT_VERSION = 5.0;
				TARGETED_DEVICE_FAMILY = "1,2";
				TEST_HOST = "$(BUILT_PRODUCTS_DIR)/EggTimer.app/$(BUNDLE_EXECUTABLE_FOLDER_PATH)/EggTimer";
			};
			name = Release;
		};
		D43AF42B2A90CD1100D47002 /* Debug */ = {
			isa = XCBuildConfiguration;
			buildSettings = {
				ALWAYS_EMBED_SWIFT_STANDARD_LIBRARIES = YES;
				CODE_SIGN_STYLE = Automatic;
				CURRENT_PROJECT_VERSION = 1;
				DEVELOPMENT_TEAM = 6AYX5BQ6J5;
				GENERATE_INFOPLIST_FILE = YES;
				MARKETING_VERSION = 1.0;
				PRODUCT_BUNDLE_IDENTIFIER = com.melomanya.EggTimerUITests;
				PRODUCT_NAME = "$(TARGET_NAME)";
				SWIFT_EMIT_LOC_STRINGS = NO;
				SWIFT_VERSION = 5.0;
				TARGETED_DEVICE_FAMILY = "1,2";
				TEST_TARGET_NAME = EggTimer;
			};
			name = Debug;
		};
		D43AF42C2A90CD1100D47002 /* Release */ = {
			isa = XCBuildConfiguration;
			buildSettings = {
				ALWAYS_EMBED_SWIFT_STANDARD_LIBRARIES = YES;
				CODE_SIGN_STYLE = Automatic;
				CURRENT_PROJECT_VERSION = 1;
				DEVELOPMENT_TEAM = 6AYX5BQ6J5;
				GENERATE_INFOPLIST_FILE = YES;
				MARKETING_VERSION = 1.0;
				PRODUCT_BUNDLE_IDENTIFIER = com.melomanya.EggTimerUITests;
				PRODUCT_NAME = "$(TARGET_NAME)";
				SWIFT_EMIT_LOC_STRINGS = NO;
				SWIFT_VERSION = 5.0;
				TARGETED_DEVICE_FAMILY = "1,2";
				TEST_TARGET_NAME = EggTimer;
			};
			name = Release;
		};
/* End XCBuildConfiguration section */

/* Begin XCConfigurationList section */
		D43AF3F52A90CD1100D47002 /* Build configuration list for PBXProject "EggTimer" */ = {
			isa = XCConfigurationList;
			buildConfigurations = (
				D43AF4222A90CD1100D47002 /* Debug */,
				D43AF4232A90CD1100D47002 /* Release */,
			);
			defaultConfigurationIsVisible = 0;
			defaultConfigurationName = Release;
		};
		D43AF4242A90CD1100D47002 /* Build configuration list for PBXNativeTarget "EggTimer" */ = {
			isa = XCConfigurationList;
			buildConfigurations = (
				D43AF4252A90CD1100D47002 /* Debug */,
				D43AF4262A90CD1100D47002 /* Release */,
			);
			defaultConfigurationIsVisible = 0;
			defaultConfigurationName = Release;
		};
		D43AF4272A90CD1100D47002 /* Build configuration list for PBXNativeTarget "EggTimerTests" */ = {
			isa = XCConfigurationList;
			buildConfigurations = (
				D43AF4282A90CD1100D47002 /* Debug */,
				D43AF4292A90CD1100D47002 /* Release */,
			);
			defaultConfigurationIsVisible = 0;
			defaultConfigurationName = Release;
		};
		D43AF42A2A90CD1100D47002 /* Build configuration list for PBXNativeTarget "EggTimerUITests" */ = {
			isa = XCConfigurationList;
			buildConfigurations = (
				D43AF42B2A90CD1100D47002 /* Debug */,
				D43AF42C2A90CD1100D47002 /* Release */,
			);
			defaultConfigurationIsVisible = 0;
			defaultConfigurationName = Release;
		};
/* End XCConfigurationList section */
	};
	rootObject = D43AF3F22A90CD1100D47002 /* Project object */;
}
